{
  "name": "alf-cdk-ui",
  "version": "0.1.0",
  "lockfileVersion": 1,
  "requires": true,
  "dependencies": {
    "@aws-cdk/assets": {
      "version": "1.66.0",
      "resolved": "https://registry.npmjs.org/@aws-cdk/assets/-/assets-1.66.0.tgz",
      "integrity": "sha512-oaKTOHReOvQT0qVBSa42kbdVUjKHaohvaKtFrrFxAX4KoFeWebbckRyFdawFLH5Kt0hS5/R1B7BsuRreNMHctg==",
      "requires": {
        "@aws-cdk/core": "1.66.0",
        "@aws-cdk/cx-api": "1.66.0",
        "constructs": "^3.0.4"
      }
    },
    "@aws-cdk/aws-apigateway": {
      "version": "1.66.0",
      "resolved": "https://registry.npmjs.org/@aws-cdk/aws-apigateway/-/aws-apigateway-1.66.0.tgz",
      "integrity": "sha512-15RjBCj4G3XszjREE8DEtJfrTmTWlPvOvaeKB8N5cHbXZAklVS3DPLX8pjMd53W2rnuVVKsDexcxf61IxVpIIA==",
      "requires": {
        "@aws-cdk/assets": "1.66.0",
        "@aws-cdk/aws-certificatemanager": "1.66.0",
        "@aws-cdk/aws-ec2": "1.66.0",
        "@aws-cdk/aws-elasticloadbalancingv2": "1.66.0",
        "@aws-cdk/aws-iam": "1.66.0",
        "@aws-cdk/aws-lambda": "1.66.0",
        "@aws-cdk/aws-logs": "1.66.0",
        "@aws-cdk/aws-s3": "1.66.0",
        "@aws-cdk/aws-s3-assets": "1.66.0",
        "@aws-cdk/core": "1.66.0",
        "@aws-cdk/cx-api": "1.66.0",
        "constructs": "^3.0.4"
      }
    },
    "@aws-cdk/aws-applicationautoscaling": {
      "version": "1.66.0",
      "resolved": "https://registry.npmjs.org/@aws-cdk/aws-applicationautoscaling/-/aws-applicationautoscaling-1.66.0.tgz",
      "integrity": "sha512-TVlBOSr/eCAyShHmDzNI7EWg/wsAGZfS5nWNTQTvZxAbrMaB/gSaj9hTiSdsTTIG4LZWhpy5JIl7V+0shBJGPQ==",
      "requires": {
        "@aws-cdk/aws-autoscaling-common": "1.66.0",
        "@aws-cdk/aws-cloudwatch": "1.66.0",
        "@aws-cdk/aws-iam": "1.66.0",
        "@aws-cdk/core": "1.66.0",
        "constructs": "^3.0.4"
      }
    },
    "@aws-cdk/aws-autoscaling": {
      "version": "1.66.0",
      "resolved": "https://registry.npmjs.org/@aws-cdk/aws-autoscaling/-/aws-autoscaling-1.66.0.tgz",
      "integrity": "sha512-rlJUhz8l5DwKVPiM1gDD63cuzgsMoU7goar+w4Frg9SZaqhnhCmeCHkwEOSW50eeSmeWnnBjOFO1CFj38ILNLw==",
      "requires": {
        "@aws-cdk/aws-autoscaling-common": "1.66.0",
        "@aws-cdk/aws-cloudwatch": "1.66.0",
        "@aws-cdk/aws-ec2": "1.66.0",
        "@aws-cdk/aws-elasticloadbalancing": "1.66.0",
        "@aws-cdk/aws-elasticloadbalancingv2": "1.66.0",
        "@aws-cdk/aws-iam": "1.66.0",
        "@aws-cdk/aws-sns": "1.66.0",
        "@aws-cdk/core": "1.66.0",
        "constructs": "^3.0.4"
      }
    },
    "@aws-cdk/aws-autoscaling-common": {
      "version": "1.66.0",
      "resolved": "https://registry.npmjs.org/@aws-cdk/aws-autoscaling-common/-/aws-autoscaling-common-1.66.0.tgz",
      "integrity": "sha512-Ms5VcVatbCaS1yrQFlzSHXYHE+HFXzWfvzmihQ+SUPmu32B8y/TADzH4WIC/wktz3HKD6Dui8E2wSuFc4aALqg==",
      "requires": {
        "@aws-cdk/aws-iam": "1.66.0",
        "@aws-cdk/core": "1.66.0",
        "constructs": "^3.0.4"
      }
    },
    "@aws-cdk/aws-autoscaling-hooktargets": {
      "version": "1.66.0",
      "resolved": "https://registry.npmjs.org/@aws-cdk/aws-autoscaling-hooktargets/-/aws-autoscaling-hooktargets-1.66.0.tgz",
      "integrity": "sha512-pCLJ+qQ+UN38XiMHZDci1PwZ0Fr+jirb83RUd0f5UBBnf2nzFwEHnKmLoynW3okfsVx/Lf5rnjaeq/dnv2g55A==",
      "requires": {
        "@aws-cdk/aws-autoscaling": "1.66.0",
        "@aws-cdk/aws-iam": "1.66.0",
        "@aws-cdk/aws-kms": "1.66.0",
        "@aws-cdk/aws-lambda": "1.66.0",
        "@aws-cdk/aws-sns": "1.66.0",
        "@aws-cdk/aws-sns-subscriptions": "1.66.0",
        "@aws-cdk/aws-sqs": "1.66.0",
        "@aws-cdk/core": "1.66.0",
        "constructs": "^3.0.4"
      }
    },
    "@aws-cdk/aws-batch": {
      "version": "1.66.0",
      "resolved": "https://registry.npmjs.org/@aws-cdk/aws-batch/-/aws-batch-1.66.0.tgz",
      "integrity": "sha512-nzuerv8ao61YPHG8vrwDDq2a8gV9njMTOu5wZHKdq0bGM6x5ZYQSh8B7mnHjxcCakVLac2f7AWzwOQ3STiAzkQ==",
      "requires": {
        "@aws-cdk/aws-ec2": "1.66.0",
        "@aws-cdk/aws-ecr": "1.66.0",
        "@aws-cdk/aws-ecs": "1.66.0",
        "@aws-cdk/aws-iam": "1.66.0",
        "@aws-cdk/core": "1.66.0",
        "constructs": "^3.0.4"
      }
    },
    "@aws-cdk/aws-certificatemanager": {
      "version": "1.66.0",
      "resolved": "https://registry.npmjs.org/@aws-cdk/aws-certificatemanager/-/aws-certificatemanager-1.66.0.tgz",
      "integrity": "sha512-tJZpiijlCDUkBk5HRlyRd1+DKzXLO5/n+0EXzcWeE8PcDgX/Z27ZehqWNQ0qY80tLcFEBuHPTZ07USFCDXNKGQ==",
      "requires": {
        "@aws-cdk/aws-iam": "1.66.0",
        "@aws-cdk/aws-lambda": "1.66.0",
        "@aws-cdk/aws-route53": "1.66.0",
        "@aws-cdk/core": "1.66.0",
        "constructs": "^3.0.4"
      }
    },
    "@aws-cdk/aws-cloudformation": {
      "version": "1.66.0",
      "resolved": "https://registry.npmjs.org/@aws-cdk/aws-cloudformation/-/aws-cloudformation-1.66.0.tgz",
      "integrity": "sha512-SZhCE61m9bLjzhcYG+Y0MOZZhu7gndD5+XTu9TnZ/okhh3hNpqD/yhb4CpfPVY2ZIPUokLwUT+Qf/yszoHlXAw==",
      "requires": {
        "@aws-cdk/aws-iam": "1.66.0",
        "@aws-cdk/aws-lambda": "1.66.0",
        "@aws-cdk/aws-s3": "1.66.0",
        "@aws-cdk/aws-sns": "1.66.0",
        "@aws-cdk/core": "1.66.0",
        "@aws-cdk/cx-api": "1.66.0",
        "constructs": "^3.0.4"
      }
    },
    "@aws-cdk/aws-cloudfront": {
      "version": "1.66.0",
      "resolved": "https://registry.npmjs.org/@aws-cdk/aws-cloudfront/-/aws-cloudfront-1.66.0.tgz",
      "integrity": "sha512-ohc0FhBFT/2BB3qF7a/JZEmPhiV6SEIcI2Lx6E4K9GNJRGqgiU+lhZy67l49WED7MJ8bXo3OCKRRxRo0UMjUaw==",
      "requires": {
        "@aws-cdk/aws-certificatemanager": "1.66.0",
        "@aws-cdk/aws-iam": "1.66.0",
        "@aws-cdk/aws-kms": "1.66.0",
        "@aws-cdk/aws-lambda": "1.66.0",
        "@aws-cdk/aws-s3": "1.66.0",
        "@aws-cdk/core": "1.66.0",
        "constructs": "^3.0.4"
      }
    },
    "@aws-cdk/aws-cloudwatch": {
      "version": "1.66.0",
      "resolved": "https://registry.npmjs.org/@aws-cdk/aws-cloudwatch/-/aws-cloudwatch-1.66.0.tgz",
      "integrity": "sha512-xMBMGJcbaEN1a+mnUDdkYOabM2/iabwEarjUUvt41d/7tk9M3kG5Ywpp2XyRgSo6GHMK5bsG+WabopUPCa5FRg==",
      "requires": {
        "@aws-cdk/aws-iam": "1.66.0",
        "@aws-cdk/core": "1.66.0",
        "constructs": "^3.0.4"
      }
    },
    "@aws-cdk/aws-codebuild": {
      "version": "1.66.0",
      "resolved": "https://registry.npmjs.org/@aws-cdk/aws-codebuild/-/aws-codebuild-1.66.0.tgz",
      "integrity": "sha512-LfNM4H6ei8oJ+nmuuvP4MTi7njSgV/yjDwyU0jCaeUQIpjlApnL/Bm6+aezyZLQNa3aCBio5Xe1URcQgokqYVw==",
      "requires": {
        "@aws-cdk/assets": "1.66.0",
        "@aws-cdk/aws-cloudwatch": "1.66.0",
        "@aws-cdk/aws-codecommit": "1.66.0",
        "@aws-cdk/aws-ec2": "1.66.0",
        "@aws-cdk/aws-ecr": "1.66.0",
        "@aws-cdk/aws-ecr-assets": "1.66.0",
        "@aws-cdk/aws-events": "1.66.0",
        "@aws-cdk/aws-iam": "1.66.0",
        "@aws-cdk/aws-kms": "1.66.0",
        "@aws-cdk/aws-s3": "1.66.0",
        "@aws-cdk/aws-s3-assets": "1.66.0",
        "@aws-cdk/aws-secretsmanager": "1.66.0",
        "@aws-cdk/core": "1.66.0",
        "@aws-cdk/region-info": "1.66.0",
        "constructs": "^3.0.4"
      }
    },
    "@aws-cdk/aws-codecommit": {
      "version": "1.66.0",
      "resolved": "https://registry.npmjs.org/@aws-cdk/aws-codecommit/-/aws-codecommit-1.66.0.tgz",
      "integrity": "sha512-LgmB5UCI5IOIDrj4Dk32nTOlkfcXrY6O1tR50QPgxX9VmBclP4jdqrGUGwSy7OWXNVO8YCA52IVVPwq2WPiryw==",
      "requires": {
        "@aws-cdk/aws-events": "1.66.0",
        "@aws-cdk/aws-iam": "1.66.0",
        "@aws-cdk/core": "1.66.0",
        "constructs": "^3.0.4"
      }
    },
    "@aws-cdk/aws-codedeploy": {
      "version": "1.66.0",
      "resolved": "https://registry.npmjs.org/@aws-cdk/aws-codedeploy/-/aws-codedeploy-1.66.0.tgz",
      "integrity": "sha512-mqr9pRXx4dD5HXk63anqseC51CTp140K2/FxGVBuK8jgE5iYgfk32+LvJMuzJTkzsktpRVOikedDXJB60hanNA==",
      "requires": {
        "@aws-cdk/aws-autoscaling": "1.66.0",
        "@aws-cdk/aws-cloudwatch": "1.66.0",
        "@aws-cdk/aws-ec2": "1.66.0",
        "@aws-cdk/aws-elasticloadbalancing": "1.66.0",
        "@aws-cdk/aws-elasticloadbalancingv2": "1.66.0",
        "@aws-cdk/aws-iam": "1.66.0",
        "@aws-cdk/aws-lambda": "1.66.0",
        "@aws-cdk/aws-s3": "1.66.0",
        "@aws-cdk/core": "1.66.0",
        "constructs": "^3.0.4"
      }
    },
    "@aws-cdk/aws-codeguruprofiler": {
      "version": "1.66.0",
      "resolved": "https://registry.npmjs.org/@aws-cdk/aws-codeguruprofiler/-/aws-codeguruprofiler-1.66.0.tgz",
      "integrity": "sha512-C94xKsrhmeyjZ6Gs4z1mvDR9ygwDMqa9X0X8NEvfqfHhluX6yuDju7RT5teZv29/8qe2z5X6scvmUaiH+Y5OUg==",
      "requires": {
        "@aws-cdk/aws-iam": "1.66.0",
        "@aws-cdk/core": "1.66.0",
        "constructs": "^3.0.4"
      }
    },
    "@aws-cdk/aws-codepipeline": {
      "version": "1.66.0",
      "resolved": "https://registry.npmjs.org/@aws-cdk/aws-codepipeline/-/aws-codepipeline-1.66.0.tgz",
      "integrity": "sha512-OR86pRaO2xExo0hcqCGLt0854LSCxPlNVTclZ8rcbbJFiSgLlLD2r/q0eyNcGe6ZVLoZPV2oHytNjxhFfE1BwQ==",
      "requires": {
        "@aws-cdk/aws-events": "1.66.0",
        "@aws-cdk/aws-iam": "1.66.0",
        "@aws-cdk/aws-kms": "1.66.0",
        "@aws-cdk/aws-s3": "1.66.0",
        "@aws-cdk/core": "1.66.0",
        "constructs": "^3.0.4"
      }
    },
    "@aws-cdk/aws-codepipeline-actions": {
      "version": "1.66.0",
      "resolved": "https://registry.npmjs.org/@aws-cdk/aws-codepipeline-actions/-/aws-codepipeline-actions-1.66.0.tgz",
      "integrity": "sha512-HPhs0sDKQpYMGNASof6Sc7lUCR9HoY2RUNhb7QqGtTkxVxf7fkOGXWE64QNugpHiuISF2pYOpHqyAFxfG9d9GQ==",
      "requires": {
        "@aws-cdk/aws-cloudformation": "1.66.0",
        "@aws-cdk/aws-codebuild": "1.66.0",
        "@aws-cdk/aws-codecommit": "1.66.0",
        "@aws-cdk/aws-codedeploy": "1.66.0",
        "@aws-cdk/aws-codepipeline": "1.66.0",
        "@aws-cdk/aws-ec2": "1.66.0",
        "@aws-cdk/aws-ecr": "1.66.0",
        "@aws-cdk/aws-ecs": "1.66.0",
        "@aws-cdk/aws-events": "1.66.0",
        "@aws-cdk/aws-events-targets": "1.66.0",
        "@aws-cdk/aws-iam": "1.66.0",
        "@aws-cdk/aws-lambda": "1.66.0",
        "@aws-cdk/aws-s3": "1.66.0",
        "@aws-cdk/aws-servicecatalog": "1.66.0",
        "@aws-cdk/aws-sns": "1.66.0",
        "@aws-cdk/aws-sns-subscriptions": "1.66.0",
        "@aws-cdk/aws-stepfunctions": "1.66.0",
        "@aws-cdk/core": "1.66.0",
        "case": "1.6.3",
        "constructs": "^3.0.4"
      },
      "dependencies": {
        "case": {
          "version": "1.6.3",
          "bundled": true
        }
      }
    },
    "@aws-cdk/aws-cognito": {
      "version": "1.66.0",
      "resolved": "https://registry.npmjs.org/@aws-cdk/aws-cognito/-/aws-cognito-1.66.0.tgz",
      "integrity": "sha512-QF+eo7n3huqS8/Tiwv1hQmM27cKYLOAzhWzFa66hLJWym6Wg6qiVFLVlK8T1YaMASBmRzUx+1GBKJIfS7249+w==",
      "requires": {
        "@aws-cdk/aws-certificatemanager": "1.66.0",
        "@aws-cdk/aws-iam": "1.66.0",
        "@aws-cdk/aws-lambda": "1.66.0",
        "@aws-cdk/core": "1.66.0",
        "@aws-cdk/custom-resources": "1.66.0",
        "constructs": "^3.0.4"
      }
    },
    "@aws-cdk/aws-dynamodb": {
      "version": "1.66.0",
      "resolved": "https://registry.npmjs.org/@aws-cdk/aws-dynamodb/-/aws-dynamodb-1.66.0.tgz",
      "integrity": "sha512-Br2zUPxe3BX80hAagoEUv8paje+pbcJmogg+JVuCOUQDP+zR+fZ+fNAj2WomwSI9ElH+1/YFlil0wOUPhbS7rw==",
      "requires": {
        "@aws-cdk/aws-applicationautoscaling": "1.66.0",
        "@aws-cdk/aws-cloudwatch": "1.66.0",
        "@aws-cdk/aws-iam": "1.66.0",
        "@aws-cdk/aws-kms": "1.66.0",
        "@aws-cdk/aws-lambda": "1.66.0",
        "@aws-cdk/core": "1.66.0",
        "@aws-cdk/custom-resources": "1.66.0",
        "constructs": "^3.0.4"
      }
    },
    "@aws-cdk/aws-ec2": {
      "version": "1.66.0",
      "resolved": "https://registry.npmjs.org/@aws-cdk/aws-ec2/-/aws-ec2-1.66.0.tgz",
      "integrity": "sha512-12y2E6rO1rmpG2Y6YtXT6r20prg3s4TbXYxKYz2tsBkjVwKv8D8/EhTUXXanwEAtdTMqFoBH0OkaD1y6rhceyA==",
      "requires": {
        "@aws-cdk/aws-cloudwatch": "1.66.0",
        "@aws-cdk/aws-iam": "1.66.0",
        "@aws-cdk/aws-kms": "1.66.0",
        "@aws-cdk/aws-logs": "1.66.0",
        "@aws-cdk/aws-s3": "1.66.0",
        "@aws-cdk/aws-s3-assets": "1.66.0",
        "@aws-cdk/aws-ssm": "1.66.0",
        "@aws-cdk/cloud-assembly-schema": "1.66.0",
        "@aws-cdk/core": "1.66.0",
        "@aws-cdk/cx-api": "1.66.0",
        "@aws-cdk/region-info": "1.66.0",
        "constructs": "^3.0.4"
      }
    },
    "@aws-cdk/aws-ecr": {
      "version": "1.66.0",
      "resolved": "https://registry.npmjs.org/@aws-cdk/aws-ecr/-/aws-ecr-1.66.0.tgz",
      "integrity": "sha512-DbkOZpAJ2wPBADu4fYdO32uABRad/e6O1qxtRwwHVQlvKfg3qRgU7k+cnlj8ohV726QPY5amKfEjSPDNjmGL0g==",
      "requires": {
        "@aws-cdk/aws-events": "1.66.0",
        "@aws-cdk/aws-iam": "1.66.0",
        "@aws-cdk/core": "1.66.0",
        "@aws-cdk/custom-resources": "1.66.0",
        "constructs": "^3.0.4"
      }
    },
    "@aws-cdk/aws-ecr-assets": {
      "version": "1.66.0",
      "resolved": "https://registry.npmjs.org/@aws-cdk/aws-ecr-assets/-/aws-ecr-assets-1.66.0.tgz",
      "integrity": "sha512-/Wb4ylwezqBcbq4yyc/R+UQI4qnbWZpGsn413G9T0Q/rZ5TRpgnmIUmSC9AIagdlhMEZIkB0bCwBDQxAEvkZPg==",
      "requires": {
        "@aws-cdk/assets": "1.66.0",
        "@aws-cdk/aws-ecr": "1.66.0",
        "@aws-cdk/aws-iam": "1.66.0",
        "@aws-cdk/aws-lambda": "1.66.0",
        "@aws-cdk/aws-s3": "1.66.0",
        "@aws-cdk/core": "1.66.0",
        "@aws-cdk/cx-api": "1.66.0",
        "constructs": "^3.0.4",
        "minimatch": "^3.0.4"
      },
      "dependencies": {
        "balanced-match": {
          "version": "1.0.0",
          "bundled": true
        },
        "brace-expansion": {
          "version": "1.1.11",
          "bundled": true,
          "requires": {
            "balanced-match": "^1.0.0",
            "concat-map": "0.0.1"
          }
        },
        "concat-map": {
          "version": "0.0.1",
          "bundled": true
        },
        "minimatch": {
          "version": "3.0.4",
          "bundled": true,
          "requires": {
            "brace-expansion": "^1.1.7"
          }
        }
      }
    },
    "@aws-cdk/aws-ecs": {
      "version": "1.66.0",
      "resolved": "https://registry.npmjs.org/@aws-cdk/aws-ecs/-/aws-ecs-1.66.0.tgz",
      "integrity": "sha512-uRozIgHyB7pgiqULRKyYe9i/BHKOaDqBZtMmlGm8LwgHBt+EpO8o9mYIqjvsQp09sfu5ip+n3QsQK1Q9yRc7FQ==",
      "requires": {
        "@aws-cdk/aws-applicationautoscaling": "1.66.0",
        "@aws-cdk/aws-autoscaling": "1.66.0",
        "@aws-cdk/aws-autoscaling-hooktargets": "1.66.0",
        "@aws-cdk/aws-certificatemanager": "1.66.0",
        "@aws-cdk/aws-cloudwatch": "1.66.0",
        "@aws-cdk/aws-ec2": "1.66.0",
        "@aws-cdk/aws-ecr": "1.66.0",
        "@aws-cdk/aws-ecr-assets": "1.66.0",
        "@aws-cdk/aws-elasticloadbalancing": "1.66.0",
        "@aws-cdk/aws-elasticloadbalancingv2": "1.66.0",
        "@aws-cdk/aws-iam": "1.66.0",
        "@aws-cdk/aws-kms": "1.66.0",
        "@aws-cdk/aws-lambda": "1.66.0",
        "@aws-cdk/aws-logs": "1.66.0",
        "@aws-cdk/aws-route53": "1.66.0",
        "@aws-cdk/aws-route53-targets": "1.66.0",
        "@aws-cdk/aws-secretsmanager": "1.66.0",
        "@aws-cdk/aws-servicediscovery": "1.66.0",
        "@aws-cdk/aws-sns": "1.66.0",
        "@aws-cdk/aws-sqs": "1.66.0",
        "@aws-cdk/aws-ssm": "1.66.0",
        "@aws-cdk/core": "1.66.0",
        "@aws-cdk/cx-api": "1.66.0",
        "constructs": "^3.0.4"
      }
    },
    "@aws-cdk/aws-efs": {
      "version": "1.66.0",
      "resolved": "https://registry.npmjs.org/@aws-cdk/aws-efs/-/aws-efs-1.66.0.tgz",
      "integrity": "sha512-Yx+8mKJRy/3JUa7sM5i0G0/l0N5W/RzWHpkY4+Lh71iG0mKHgbQaBAr9RBZ2bMouAIdqN37dAc+Wd8wE6PjRjg==",
      "requires": {
        "@aws-cdk/aws-ec2": "1.66.0",
        "@aws-cdk/aws-kms": "1.66.0",
        "@aws-cdk/cloud-assembly-schema": "1.66.0",
        "@aws-cdk/core": "1.66.0",
        "@aws-cdk/cx-api": "1.66.0",
        "constructs": "^3.0.4"
      }
    },
    "@aws-cdk/aws-elasticloadbalancing": {
      "version": "1.66.0",
      "resolved": "https://registry.npmjs.org/@aws-cdk/aws-elasticloadbalancing/-/aws-elasticloadbalancing-1.66.0.tgz",
      "integrity": "sha512-WNMAUpx+vgStqxviDNDIJw7cTMxar6XSdTq5pKlk5VyQMsWTDM3YhlpmHOxUQhfU2kVPHyFVDSsbbgHT02AzrA==",
      "requires": {
        "@aws-cdk/aws-ec2": "1.66.0",
        "@aws-cdk/core": "1.66.0",
        "constructs": "^3.0.4"
      }
    },
    "@aws-cdk/aws-elasticloadbalancingv2": {
      "version": "1.66.0",
      "resolved": "https://registry.npmjs.org/@aws-cdk/aws-elasticloadbalancingv2/-/aws-elasticloadbalancingv2-1.66.0.tgz",
      "integrity": "sha512-Ognxbp4CvnuZdq2fSAnBtWFKXTedlvLluZbiFUzzhKNOQUwJXg1sKVgP7Ssa+oAIywbB7D4ZNHcJ2FZgQxRZSA==",
      "requires": {
        "@aws-cdk/aws-certificatemanager": "1.66.0",
        "@aws-cdk/aws-cloudwatch": "1.66.0",
        "@aws-cdk/aws-ec2": "1.66.0",
        "@aws-cdk/aws-iam": "1.66.0",
        "@aws-cdk/aws-lambda": "1.66.0",
        "@aws-cdk/aws-s3": "1.66.0",
        "@aws-cdk/core": "1.66.0",
        "@aws-cdk/region-info": "1.66.0",
        "constructs": "^3.0.4"
      }
    },
    "@aws-cdk/aws-events": {
      "version": "1.66.0",
      "resolved": "https://registry.npmjs.org/@aws-cdk/aws-events/-/aws-events-1.66.0.tgz",
      "integrity": "sha512-Ec3hzPO85bk7NMiDDc+W8wFbG1ndw8JNeUugHXVZDMJtdm98vIPfH3w/kpp3kEzSByigXyjd/ou3GvnHOqhDJw==",
      "requires": {
        "@aws-cdk/aws-iam": "1.66.0",
        "@aws-cdk/core": "1.66.0",
        "constructs": "^3.0.4"
      }
    },
    "@aws-cdk/aws-events-targets": {
      "version": "1.66.0",
      "resolved": "https://registry.npmjs.org/@aws-cdk/aws-events-targets/-/aws-events-targets-1.66.0.tgz",
      "integrity": "sha512-GMD1YOnfWYxRAqDJGWSqmlERwn8VdTT3/lEwrg+JsRlxptgXHzlRlK/kH58rQ/1iQGAoaqcEElujGDfz1TBFtw==",
      "requires": {
        "@aws-cdk/aws-batch": "1.66.0",
        "@aws-cdk/aws-codebuild": "1.66.0",
        "@aws-cdk/aws-codepipeline": "1.66.0",
        "@aws-cdk/aws-ec2": "1.66.0",
        "@aws-cdk/aws-ecs": "1.66.0",
        "@aws-cdk/aws-events": "1.66.0",
        "@aws-cdk/aws-iam": "1.66.0",
        "@aws-cdk/aws-kinesis": "1.66.0",
        "@aws-cdk/aws-lambda": "1.66.0",
        "@aws-cdk/aws-sns": "1.66.0",
        "@aws-cdk/aws-sns-subscriptions": "1.66.0",
        "@aws-cdk/aws-sqs": "1.66.0",
        "@aws-cdk/aws-stepfunctions": "1.66.0",
        "@aws-cdk/core": "1.66.0",
        "constructs": "^3.0.4"
      }
    },
    "@aws-cdk/aws-iam": {
      "version": "1.66.0",
      "resolved": "https://registry.npmjs.org/@aws-cdk/aws-iam/-/aws-iam-1.66.0.tgz",
      "integrity": "sha512-rWUQVDgCQ31btE9LnsFnNHkUmZmRBF5COOimX2bItXxNQF2lTSKxThP71E0IGCF0Rl3FkjXLo0yoXnIQGJr08Q==",
      "requires": {
        "@aws-cdk/core": "1.66.0",
        "@aws-cdk/region-info": "1.66.0",
        "constructs": "^3.0.4"
      }
    },
    "@aws-cdk/aws-kinesis": {
      "version": "1.66.0",
      "resolved": "https://registry.npmjs.org/@aws-cdk/aws-kinesis/-/aws-kinesis-1.66.0.tgz",
      "integrity": "sha512-N+MAU+RU0lzt9O4Y8nt1vDtTJJ+vCXNkpz0dsnTb1S4mkeuXAyO8l7+izjBAsPRRmLedVSUwpFsc/58zF3UXcg==",
      "requires": {
        "@aws-cdk/aws-iam": "1.66.0",
        "@aws-cdk/aws-kms": "1.66.0",
        "@aws-cdk/aws-logs": "1.66.0",
        "@aws-cdk/core": "1.66.0",
        "constructs": "^3.0.4"
      }
    },
    "@aws-cdk/aws-kms": {
      "version": "1.66.0",
      "resolved": "https://registry.npmjs.org/@aws-cdk/aws-kms/-/aws-kms-1.66.0.tgz",
      "integrity": "sha512-Gfch2aWIfAO0SyCDryQSoyfqlved9+hMCgLoRVhvj9rAZGt5XELULDxRGVxHuU7CV47HeKXgtUbMk58PyuYFtA==",
      "requires": {
        "@aws-cdk/aws-iam": "1.66.0",
        "@aws-cdk/core": "1.66.0",
        "constructs": "^3.0.4"
      }
    },
    "@aws-cdk/aws-lambda": {
      "version": "1.66.0",
      "resolved": "https://registry.npmjs.org/@aws-cdk/aws-lambda/-/aws-lambda-1.66.0.tgz",
      "integrity": "sha512-aw1LnCBHDkDSWgZyVyoeDoSSUQvbhHFKvvxEKrDMQ10Iy39vuUXz4xSAK/XaqOYCiDH7W1ubwEK9iKiMHYbPtA==",
      "requires": {
        "@aws-cdk/aws-applicationautoscaling": "1.66.0",
        "@aws-cdk/aws-cloudwatch": "1.66.0",
        "@aws-cdk/aws-codeguruprofiler": "1.66.0",
        "@aws-cdk/aws-ec2": "1.66.0",
        "@aws-cdk/aws-efs": "1.66.0",
        "@aws-cdk/aws-events": "1.66.0",
        "@aws-cdk/aws-iam": "1.66.0",
        "@aws-cdk/aws-logs": "1.66.0",
        "@aws-cdk/aws-s3": "1.66.0",
        "@aws-cdk/aws-s3-assets": "1.66.0",
        "@aws-cdk/aws-sqs": "1.66.0",
        "@aws-cdk/core": "1.66.0",
        "@aws-cdk/cx-api": "1.66.0",
        "constructs": "^3.0.4"
      }
    },
    "@aws-cdk/aws-lambda-event-sources": {
      "version": "1.66.0",
      "resolved": "https://registry.npmjs.org/@aws-cdk/aws-lambda-event-sources/-/aws-lambda-event-sources-1.66.0.tgz",
      "integrity": "sha512-vBPihU8BVQaQhp7dxhK2sanB6G7sBtHcIHXVLDMKLbzJQa8jQuJY+IoD3NabjjSJXuAMprXVWJTr9g9caSRg/g==",
      "requires": {
        "@aws-cdk/aws-apigateway": "1.66.0",
        "@aws-cdk/aws-dynamodb": "1.66.0",
        "@aws-cdk/aws-events": "1.66.0",
        "@aws-cdk/aws-iam": "1.66.0",
        "@aws-cdk/aws-kinesis": "1.66.0",
        "@aws-cdk/aws-lambda": "1.66.0",
        "@aws-cdk/aws-s3": "1.66.0",
        "@aws-cdk/aws-s3-notifications": "1.66.0",
        "@aws-cdk/aws-sns": "1.66.0",
        "@aws-cdk/aws-sns-subscriptions": "1.66.0",
        "@aws-cdk/aws-sqs": "1.66.0",
        "@aws-cdk/core": "1.66.0",
        "constructs": "^3.0.4"
      }
    },
    "@aws-cdk/aws-logs": {
      "version": "1.66.0",
      "resolved": "https://registry.npmjs.org/@aws-cdk/aws-logs/-/aws-logs-1.66.0.tgz",
      "integrity": "sha512-fUjfDtqyWhdj+0RhBZL9pVTtFH7czxUwfn8eQYTE/453JnGWIA8PpRaQwQfbwLnFf8DPdIjkLfV387mBUlOYAA==",
      "requires": {
        "@aws-cdk/aws-cloudwatch": "1.66.0",
        "@aws-cdk/aws-iam": "1.66.0",
        "@aws-cdk/aws-s3-assets": "1.66.0",
        "@aws-cdk/core": "1.66.0",
        "constructs": "^3.0.4"
      }
    },
    "@aws-cdk/aws-route53": {
      "version": "1.66.0",
      "resolved": "https://registry.npmjs.org/@aws-cdk/aws-route53/-/aws-route53-1.66.0.tgz",
      "integrity": "sha512-S5wkT/GD7FKhwfh6AwbAmTAeXCw/06OWXjTkW4a6OA4uN/9sJsDIekZRVI8uYp9gjS08IzD3PkttQywtLJr68w==",
      "requires": {
        "@aws-cdk/aws-ec2": "1.66.0",
        "@aws-cdk/aws-logs": "1.66.0",
        "@aws-cdk/cloud-assembly-schema": "1.66.0",
        "@aws-cdk/core": "1.66.0",
        "constructs": "^3.0.4"
      }
    },
    "@aws-cdk/aws-route53-targets": {
      "version": "1.66.0",
      "resolved": "https://registry.npmjs.org/@aws-cdk/aws-route53-targets/-/aws-route53-targets-1.66.0.tgz",
      "integrity": "sha512-Dy9jOgTrOmaFzBy8ODGdPHlbt9TCC4mE/we0EK74Z1t47N0qZFkEXDJdFxNFYbr6liB1mQAS+3vBz1FfiF51ug==",
      "requires": {
        "@aws-cdk/aws-apigateway": "1.66.0",
        "@aws-cdk/aws-cloudfront": "1.66.0",
        "@aws-cdk/aws-cognito": "1.66.0",
        "@aws-cdk/aws-ec2": "1.66.0",
        "@aws-cdk/aws-elasticloadbalancing": "1.66.0",
        "@aws-cdk/aws-elasticloadbalancingv2": "1.66.0",
        "@aws-cdk/aws-iam": "1.66.0",
        "@aws-cdk/aws-route53": "1.66.0",
        "@aws-cdk/aws-s3": "1.66.0",
        "@aws-cdk/core": "1.66.0",
        "@aws-cdk/region-info": "1.66.0",
        "constructs": "^3.0.4"
      }
    },
    "@aws-cdk/aws-s3": {
      "version": "1.66.0",
      "resolved": "https://registry.npmjs.org/@aws-cdk/aws-s3/-/aws-s3-1.66.0.tgz",
      "integrity": "sha512-e/LNaqj/kVaMPMetYTKvTJODH1a3IKQeRsmY1yHDKSxIVyCrxDMAYpARxft5l4uehZ5GbJEJUn/Jcs5zL0jSNQ==",
      "requires": {
        "@aws-cdk/aws-events": "1.66.0",
        "@aws-cdk/aws-iam": "1.66.0",
        "@aws-cdk/aws-kms": "1.66.0",
        "@aws-cdk/core": "1.66.0",
        "constructs": "^3.0.4"
      }
    },
    "@aws-cdk/aws-s3-assets": {
      "version": "1.66.0",
      "resolved": "https://registry.npmjs.org/@aws-cdk/aws-s3-assets/-/aws-s3-assets-1.66.0.tgz",
      "integrity": "sha512-YKKLPNclFGdR1gREIE97uNWVrHlK7xcA+yUUc4IL9EjEXQDpX1lKO3UsxZIgC6obUhLujWJN1wFXvVdEzl2i+w==",
      "requires": {
        "@aws-cdk/assets": "1.66.0",
        "@aws-cdk/aws-iam": "1.66.0",
        "@aws-cdk/aws-kms": "1.66.0",
        "@aws-cdk/aws-s3": "1.66.0",
        "@aws-cdk/core": "1.66.0",
        "@aws-cdk/cx-api": "1.66.0",
        "constructs": "^3.0.4"
      }
    },
    "@aws-cdk/aws-s3-deployment": {
      "version": "1.66.0",
      "resolved": "https://registry.npmjs.org/@aws-cdk/aws-s3-deployment/-/aws-s3-deployment-1.66.0.tgz",
      "integrity": "sha512-Yfi3m/UwiJK4zP3jc+Ld7sKdXxwi+G9hg9EEvYOHQSRoAepaSlvANa4deoJyhwWZUKwJmA/o9U1RUqWnvsD8BQ==",
      "requires": {
        "@aws-cdk/aws-cloudfront": "1.66.0",
        "@aws-cdk/aws-iam": "1.66.0",
        "@aws-cdk/aws-lambda": "1.66.0",
        "@aws-cdk/aws-s3": "1.66.0",
        "@aws-cdk/aws-s3-assets": "1.66.0",
        "@aws-cdk/core": "1.66.0",
        "constructs": "^3.0.4"
      }
    },
    "@aws-cdk/aws-s3-notifications": {
      "version": "1.66.0",
      "resolved": "https://registry.npmjs.org/@aws-cdk/aws-s3-notifications/-/aws-s3-notifications-1.66.0.tgz",
      "integrity": "sha512-Om2I1kVELdGIBrJw9GVfkZo1ath7Gdy2jrZA6H9dDMHILmIX7Du3RCD8DGdbtDseoCZcadesyAfnGE3fLQ/ZKQ==",
      "requires": {
        "@aws-cdk/aws-iam": "1.66.0",
        "@aws-cdk/aws-lambda": "1.66.0",
        "@aws-cdk/aws-s3": "1.66.0",
        "@aws-cdk/aws-sns": "1.66.0",
        "@aws-cdk/aws-sqs": "1.66.0",
        "@aws-cdk/core": "1.66.0",
        "constructs": "^3.0.4"
      }
    },
    "@aws-cdk/aws-sam": {
      "version": "1.66.0",
      "resolved": "https://registry.npmjs.org/@aws-cdk/aws-sam/-/aws-sam-1.66.0.tgz",
      "integrity": "sha512-FI5X7E9sWQZ+ApCKuczBf093LNMnGBjtlMAMy2DdKfobG7TQ2y2oxkItdsINwRmoEldccyROzR9fvN+4sCQeaQ==",
      "requires": {
        "@aws-cdk/core": "1.66.0",
        "constructs": "^3.0.4"
      }
    },
    "@aws-cdk/aws-secretsmanager": {
      "version": "1.66.0",
      "resolved": "https://registry.npmjs.org/@aws-cdk/aws-secretsmanager/-/aws-secretsmanager-1.66.0.tgz",
      "integrity": "sha512-mRo4iMN/eqP/Bc63HdBH3n3tsAZ553cdadfmp8ckyYGsqcg8gnRyIuuE75GkqbnXxyQcgLf5aIWTC5+p6RfuXA==",
      "requires": {
        "@aws-cdk/aws-ec2": "1.66.0",
        "@aws-cdk/aws-iam": "1.66.0",
        "@aws-cdk/aws-kms": "1.66.0",
        "@aws-cdk/aws-lambda": "1.66.0",
        "@aws-cdk/aws-sam": "1.66.0",
        "@aws-cdk/core": "1.66.0",
        "constructs": "^3.0.4"
      }
    },
    "@aws-cdk/aws-servicecatalog": {
      "version": "1.66.0",
      "resolved": "https://registry.npmjs.org/@aws-cdk/aws-servicecatalog/-/aws-servicecatalog-1.66.0.tgz",
      "integrity": "sha512-yF8G14s17159reEFpmNWm0pXo6LcjtKrfMlG3XXxlvuCALdsvHw/4qEUd1vRG62+zna1Ugz3kJeicWHqgbXe2Q==",
      "requires": {
        "@aws-cdk/core": "1.66.0",
        "constructs": "^3.0.4"
      }
    },
    "@aws-cdk/aws-servicediscovery": {
      "version": "1.66.0",
      "resolved": "https://registry.npmjs.org/@aws-cdk/aws-servicediscovery/-/aws-servicediscovery-1.66.0.tgz",
      "integrity": "sha512-dJLQm5xmfe4Xc9koQlG6feYiIRqOC5tbgs9sAHWIP9TB30q7PZVviguQEcuiXESlb/CTtQth4LjK8qkHU55Xqw==",
      "requires": {
        "@aws-cdk/aws-ec2": "1.66.0",
        "@aws-cdk/aws-elasticloadbalancingv2": "1.66.0",
        "@aws-cdk/aws-route53": "1.66.0",
        "@aws-cdk/core": "1.66.0",
        "constructs": "^3.0.4"
      }
    },
    "@aws-cdk/aws-sns": {
      "version": "1.66.0",
      "resolved": "https://registry.npmjs.org/@aws-cdk/aws-sns/-/aws-sns-1.66.0.tgz",
      "integrity": "sha512-nmB4mjSe7EkWZk+SVg4KrZURplqQI1yc5D8cU2CUF0SDlLtoTb36Y/5GjucinIc9ayD/15HopW8DlPLAafHHrw==",
      "requires": {
        "@aws-cdk/aws-cloudwatch": "1.66.0",
        "@aws-cdk/aws-events": "1.66.0",
        "@aws-cdk/aws-iam": "1.66.0",
        "@aws-cdk/aws-kms": "1.66.0",
        "@aws-cdk/aws-sqs": "1.66.0",
        "@aws-cdk/core": "1.66.0",
        "constructs": "^3.0.4"
      }
    },
    "@aws-cdk/aws-sns-subscriptions": {
      "version": "1.66.0",
      "resolved": "https://registry.npmjs.org/@aws-cdk/aws-sns-subscriptions/-/aws-sns-subscriptions-1.66.0.tgz",
      "integrity": "sha512-Z2VVRgBegTgQuF5s9xu36Bb5B22V8CIOMIWx/9MlQzdYrUfO47eutkV5OFI2DZQ9nA5ug8eaTkTHBBRtE2avkg==",
      "requires": {
        "@aws-cdk/aws-iam": "1.66.0",
        "@aws-cdk/aws-lambda": "1.66.0",
        "@aws-cdk/aws-sns": "1.66.0",
        "@aws-cdk/aws-sqs": "1.66.0",
        "@aws-cdk/core": "1.66.0",
        "constructs": "^3.0.4"
      }
    },
    "@aws-cdk/aws-sqs": {
      "version": "1.66.0",
      "resolved": "https://registry.npmjs.org/@aws-cdk/aws-sqs/-/aws-sqs-1.66.0.tgz",
      "integrity": "sha512-glRdZLcKpP+C+6pyiotWA1PAva1Yra0fYrsjO+g/BVzxB4q6WjH5X+kwb7OzRTKs88an8U9YpFwRMxijY2Itxg==",
      "requires": {
        "@aws-cdk/aws-cloudwatch": "1.66.0",
        "@aws-cdk/aws-iam": "1.66.0",
        "@aws-cdk/aws-kms": "1.66.0",
        "@aws-cdk/core": "1.66.0",
        "constructs": "^3.0.4"
      }
    },
    "@aws-cdk/aws-ssm": {
      "version": "1.66.0",
      "resolved": "https://registry.npmjs.org/@aws-cdk/aws-ssm/-/aws-ssm-1.66.0.tgz",
      "integrity": "sha512-5XNuZF46MjsxAl6rz3jwq5GIaO0QwrSYdKNCSnoL/q5LBjqM25kyD0DpSorwlxkPVMLwUllfYIL8jnO/jWFb+Q==",
      "requires": {
        "@aws-cdk/aws-iam": "1.66.0",
        "@aws-cdk/aws-kms": "1.66.0",
        "@aws-cdk/cloud-assembly-schema": "1.66.0",
        "@aws-cdk/core": "1.66.0",
        "constructs": "^3.0.4"
      }
    },
    "@aws-cdk/aws-stepfunctions": {
      "version": "1.66.0",
      "resolved": "https://registry.npmjs.org/@aws-cdk/aws-stepfunctions/-/aws-stepfunctions-1.66.0.tgz",
      "integrity": "sha512-db5fYiGLiUbaB/+K7+46u3MiOyOWOXbKOp8YEI46QKCH/xotCVhPYoW9JPVoSIPVCWVchlChMsyrKbTxy8fv4g==",
      "requires": {
        "@aws-cdk/aws-cloudwatch": "1.66.0",
        "@aws-cdk/aws-events": "1.66.0",
        "@aws-cdk/aws-iam": "1.66.0",
        "@aws-cdk/aws-logs": "1.66.0",
        "@aws-cdk/core": "1.66.0",
        "constructs": "^3.0.4"
      }
    },
    "@aws-cdk/cloud-assembly-schema": {
      "version": "1.66.0",
      "resolved": "https://registry.npmjs.org/@aws-cdk/cloud-assembly-schema/-/cloud-assembly-schema-1.66.0.tgz",
      "integrity": "sha512-r5Iyy93qAj22OKTSHL1fXJ5axqd+7qMFV6qM1EEy7iW+0yw1rDNP9wMtZGeil4Hbd37xXKAv9KTigD3nmORgMQ==",
      "requires": {
        "jsonschema": "^1.2.7",
        "semver": "^7.3.2"
      },
      "dependencies": {
        "jsonschema": {
          "version": "1.2.7",
          "bundled": true
        },
        "semver": {
          "version": "7.3.2",
          "bundled": true
        }
      }
    },
    "@aws-cdk/core": {
      "version": "1.66.0",
      "resolved": "https://registry.npmjs.org/@aws-cdk/core/-/core-1.66.0.tgz",
      "integrity": "sha512-sGM/Uz4NrH7RaT88P/YJI039fru1rpZPAmtuZ3+x+ciGjCAPwRYdG99xqsaE8OLXjyDL1QokCeeKVs7oRkTVtA==",
      "requires": {
        "@aws-cdk/cloud-assembly-schema": "1.66.0",
        "@aws-cdk/cx-api": "1.66.0",
        "@aws-cdk/region-info": "1.66.0",
        "constructs": "^3.0.4",
        "fs-extra": "^9.0.1",
        "minimatch": "^3.0.4"
      },
      "dependencies": {
        "at-least-node": {
          "version": "1.0.0",
          "bundled": true
        },
        "balanced-match": {
          "version": "1.0.0",
          "bundled": true
        },
        "brace-expansion": {
          "version": "1.1.11",
          "bundled": true,
          "requires": {
            "balanced-match": "^1.0.0",
            "concat-map": "0.0.1"
          }
        },
        "concat-map": {
          "version": "0.0.1",
          "bundled": true
        },
        "fs-extra": {
          "version": "9.0.1",
          "bundled": true,
          "requires": {
            "at-least-node": "^1.0.0",
            "graceful-fs": "^4.2.0",
            "jsonfile": "^6.0.1",
            "universalify": "^1.0.0"
          }
        },
        "graceful-fs": {
          "version": "4.2.4",
          "bundled": true
        },
        "jsonfile": {
          "version": "6.0.1",
          "bundled": true,
          "requires": {
            "graceful-fs": "^4.1.6",
            "universalify": "^1.0.0"
          }
        },
        "minimatch": {
          "version": "3.0.4",
          "bundled": true,
          "requires": {
            "brace-expansion": "^1.1.7"
          }
        },
        "universalify": {
          "version": "1.0.0",
          "bundled": true
        }
      }
    },
    "@aws-cdk/custom-resources": {
      "version": "1.66.0",
      "resolved": "https://registry.npmjs.org/@aws-cdk/custom-resources/-/custom-resources-1.66.0.tgz",
      "integrity": "sha512-7z5VMRruiLAiCowHPLbRge3D+uLJW3Uu8DAAYSF/AYI0yCOIVMVhSRwQwe6GdtAFPjJMJr6vnd2kHX59CGBoHg==",
      "requires": {
        "@aws-cdk/aws-cloudformation": "1.66.0",
        "@aws-cdk/aws-iam": "1.66.0",
        "@aws-cdk/aws-lambda": "1.66.0",
        "@aws-cdk/aws-logs": "1.66.0",
        "@aws-cdk/aws-sns": "1.66.0",
        "@aws-cdk/core": "1.66.0",
        "constructs": "^3.0.4"
      }
    },
    "@aws-cdk/cx-api": {
      "version": "1.66.0",
      "resolved": "https://registry.npmjs.org/@aws-cdk/cx-api/-/cx-api-1.66.0.tgz",
      "integrity": "sha512-uxhoQFReziEOSf9QEBBRQ9rQroNnMY41ZH+gqgQajMKDNPOZVhZg4K3LMNRF8oCexUfzq/u4rZyOk18rb51IJw==",
      "requires": {
        "@aws-cdk/cloud-assembly-schema": "1.66.0",
        "semver": "^7.3.2"
      },
      "dependencies": {
        "semver": {
          "version": "7.3.2",
          "bundled": true
        }
      }
    },
    "@aws-cdk/pipelines": {
      "version": "1.66.0",
      "resolved": "https://registry.npmjs.org/@aws-cdk/pipelines/-/pipelines-1.66.0.tgz",
      "integrity": "sha512-zf+VBjXzvvyAMDBv6XV+h9eucx/rpJq8BFvEva+GFyYjn/cb2L+AJKViPhj/IXvwe4mhBxf+KzvCzjACIu8Y/g==",
      "requires": {
        "@aws-cdk/aws-cloudformation": "1.66.0",
        "@aws-cdk/aws-codebuild": "1.66.0",
        "@aws-cdk/aws-codepipeline": "1.66.0",
        "@aws-cdk/aws-codepipeline-actions": "1.66.0",
        "@aws-cdk/aws-ec2": "1.66.0",
        "@aws-cdk/aws-events": "1.66.0",
        "@aws-cdk/aws-iam": "1.66.0",
        "@aws-cdk/aws-s3-assets": "1.66.0",
        "@aws-cdk/cloud-assembly-schema": "1.66.0",
        "@aws-cdk/core": "1.66.0",
        "@aws-cdk/cx-api": "1.66.0",
        "constructs": "^3.0.4"
      }
    },
    "@aws-cdk/region-info": {
      "version": "1.66.0",
      "resolved": "https://registry.npmjs.org/@aws-cdk/region-info/-/region-info-1.66.0.tgz",
      "integrity": "sha512-jD+hYu1vYZWDBbuhyF7BJ38/PJKOrCQtd3/pOExrEAgbYPQC4XfAI4iMtXIq06PBPUfMMUDR6jE4yg/KxMEdpA=="
    },
    "@jest/types": {
      "version": "24.9.0",
      "resolved": "https://registry.npmjs.org/@jest/types/-/types-24.9.0.tgz",
      "integrity": "sha512-XKK7ze1apu5JWQ5eZjHITP66AX+QsLlbaJRBGYr8pNzwcAE2JVkwnf0yqjHTsDRcjR0mujy/NmZMXw5kl+kGBw==",
      "requires": {
        "@types/istanbul-lib-coverage": "^2.0.0",
        "@types/istanbul-reports": "^1.1.1",
        "@types/yargs": "^13.0.0"
      }
    },
    "@mobileposse/auto-delete-bucket": {
      "version": "1.55.0",
      "resolved": "https://registry.npmjs.org/@mobileposse/auto-delete-bucket/-/auto-delete-bucket-1.55.0.tgz",
      "integrity": "sha512-azOZMNqrXVYspSqDpcF92uY4qkI46nX+u+Gc4YWYwvN0Js6XS3Alm/uNfrCJq7Vz0Ts5gIOAGg4GWoEPxW9wBg==",
      "requires": {
        "@types/jest": "^24.0.11",
        "@types/uuid": "^3.4.4",
        "aws-sdk": "^2.437.0",
        "axios": "^0.18.1"
      }
    },
    "@types/istanbul-lib-coverage": {
      "version": "2.0.3",
      "resolved": "https://registry.npmjs.org/@types/istanbul-lib-coverage/-/istanbul-lib-coverage-2.0.3.tgz",
      "integrity": "sha512-sz7iLqvVUg1gIedBOvlkxPlc8/uVzyS5OwGz1cKjXzkl3FpL3al0crU8YGU1WoHkxn0Wxbw5tyi6hvzJKNzFsw=="
    },
    "@types/istanbul-lib-report": {
      "version": "3.0.0",
      "resolved": "https://registry.npmjs.org/@types/istanbul-lib-report/-/istanbul-lib-report-3.0.0.tgz",
      "integrity": "sha512-plGgXAPfVKFoYfa9NpYDAkseG+g6Jr294RqeqcqDixSbU34MZVJRi/P+7Y8GDpzkEwLaGZZOpKIEmeVZNtKsrg==",
      "requires": {
        "@types/istanbul-lib-coverage": "*"
      }
    },
    "@types/istanbul-reports": {
      "version": "1.1.2",
      "resolved": "https://registry.npmjs.org/@types/istanbul-reports/-/istanbul-reports-1.1.2.tgz",
      "integrity": "sha512-P/W9yOX/3oPZSpaYOCQzGqgCQRXn0FFO/V8bWrCQs+wLmvVVxk6CRBXALEvNs9OHIatlnlFokfhuDo2ug01ciw==",
      "requires": {
        "@types/istanbul-lib-coverage": "*",
        "@types/istanbul-lib-report": "*"
      }
    },
    "@types/jest": {
      "version": "24.9.1",
      "resolved": "https://registry.npmjs.org/@types/jest/-/jest-24.9.1.tgz",
      "integrity": "sha512-Fb38HkXSVA4L8fGKEZ6le5bB8r6MRWlOCZbVuWZcmOMSCd2wCYOwN1ibj8daIoV9naq7aaOZjrLCoCMptKU/4Q==",
      "requires": {
        "jest-diff": "^24.3.0"
      }
    },
    "@types/node": {
      "version": "14.11.2",
      "resolved": "https://registry.npmjs.org/@types/node/-/node-14.11.2.tgz",
      "integrity": "sha512-jiE3QIxJ8JLNcb1Ps6rDbysDhN4xa8DJJvuC9prr6w+1tIh+QAbYyNF3tyiZNLDBIuBCf4KEcV2UvQm/V60xfA=="
    },
    "@types/uuid": {
      "version": "3.4.9",
      "resolved": "https://registry.npmjs.org/@types/uuid/-/uuid-3.4.9.tgz",
      "integrity": "sha512-XDwyIlt/47l2kWLTzw/mtrpLdB+GPSskR2n/PIcPn+VYhVO77rGhRncIR5GPU0KRzXuqkDO+J5qqrG0Y8P6jzQ=="
    },
    "@types/yargs": {
      "version": "13.0.11",
      "resolved": "https://registry.npmjs.org/@types/yargs/-/yargs-13.0.11.tgz",
      "integrity": "sha512-NRqD6T4gktUrDi1o1wLH3EKC1o2caCr7/wR87ODcbVITQF106OM3sFN92ysZ++wqelOd1CTzatnOBRDYYG6wGQ==",
      "requires": {
        "@types/yargs-parser": "*"
      }
    },
    "@types/yargs-parser": {
      "version": "15.0.0",
      "resolved": "https://registry.npmjs.org/@types/yargs-parser/-/yargs-parser-15.0.0.tgz",
      "integrity": "sha512-FA/BWv8t8ZWJ+gEOnLLd8ygxH/2UFbAvgEonyfN6yWGLKc7zVjbpl2Y4CTjid9h2RfgPP6SEt6uHwEOply00yw=="
    },
    "alf-cdk-app-pipeline": {
      "version": "github:mmuller88/alf-cdk-app-pipeline#5e6dd8af26b7d1130e504652bf444561d4266a1a",
      "from": "github:mmuller88/alf-cdk-app-pipeline#master",
      "requires": {
        "@aws-cdk/aws-cloudfront": "^1.66.0",
        "@aws-cdk/aws-codebuild": "1.66.0",
        "@aws-cdk/aws-codecommit": "1.66.0",
        "@aws-cdk/aws-codedeploy": "1.66.0",
        "@aws-cdk/aws-codepipeline": "1.66.0",
        "@aws-cdk/aws-codepipeline-actions": "1.66.0",
        "@aws-cdk/aws-ec2": "1.66.0",
        "@aws-cdk/aws-iam": "1.66.0",
        "@aws-cdk/aws-lambda": "^1.66.0",
        "@aws-cdk/aws-lambda-event-sources": "1.66.0",
        "@aws-cdk/aws-route53": "1.66.0",
        "@aws-cdk/aws-route53-targets": "1.66.0",
        "@aws-cdk/aws-s3": "1.66.0",
        "@aws-cdk/aws-s3-deployment": "1.66.0",
        "@aws-cdk/aws-sqs": "1.66.0",
        "@aws-cdk/aws-ssm": "^1.66.0",
        "@aws-cdk/core": "1.66.0",
        "@aws-cdk/pipelines": "^1.66.0",
        "@mobileposse/auto-delete-bucket": "1.55.0",
        "@types/node": "^14.11.2",
        "source-map-support": "^0.5.19"
      }
    },
    "ansi-regex": {
      "version": "4.1.0",
      "resolved": "https://registry.npmjs.org/ansi-regex/-/ansi-regex-4.1.0.tgz",
      "integrity": "sha512-1apePfXM1UOSqw0o9IiFAovVz9M5S1Dg+4TrDwfMewQ6p/rmMueb7tWZjQ1rx4Loy1ArBggoqGpfqqdI4rondg=="
    },
    "ansi-styles": {
      "version": "3.2.1",
      "resolved": "https://registry.npmjs.org/ansi-styles/-/ansi-styles-3.2.1.tgz",
      "integrity": "sha512-VT0ZI6kZRdTh8YyJw3SMbYm/u+NqfsAxEpWO0Pf9sq8/e94WxxOpPKx9FR1FlyCtOVDNOQ+8ntlqFxiRc+r5qA==",
      "requires": {
        "color-convert": "^1.9.0"
      }
    },
    "aws-sdk": {
      "version": "2.767.0",
      "resolved": "https://registry.npmjs.org/aws-sdk/-/aws-sdk-2.767.0.tgz",
      "integrity": "sha512-soPZxjNpat0CtuIqm54GO/FDT4SZTlQG0icSptWYfMFYdkXe8b0tJqaPssNn9TzlgoWDCNTdaoepM6TN0rNHkQ==",
      "requires": {
        "buffer": "4.9.2",
        "events": "1.1.1",
        "ieee754": "1.1.13",
        "jmespath": "0.15.0",
        "querystring": "0.2.0",
        "sax": "1.2.1",
        "url": "0.10.3",
        "uuid": "3.3.2",
        "xml2js": "0.4.19"
      }
    },
    "axios": {
      "version": "0.18.1",
      "resolved": "https://registry.npmjs.org/axios/-/axios-0.18.1.tgz",
      "integrity": "sha512-0BfJq4NSfQXd+SkFdrvFbG7addhYSBA2mQwISr46pD6E5iqkWg02RAs8vyTT/j0RTnoYmeXauBuSv1qKwR179g==",
      "requires": {
        "follow-redirects": "1.5.10",
        "is-buffer": "^2.0.2"
      }
    },
    "base64-js": {
      "version": "1.3.1",
      "resolved": "https://registry.npmjs.org/base64-js/-/base64-js-1.3.1.tgz",
      "integrity": "sha512-mLQ4i2QO1ytvGWFWmcngKO//JXAQueZvwEKtjgQFM4jIK0kU+ytMfplL8j+n5mspOfjHwoAg+9yhb7BwAHm36g=="
    },
    "buffer": {
      "version": "4.9.2",
      "resolved": "https://registry.npmjs.org/buffer/-/buffer-4.9.2.tgz",
      "integrity": "sha512-xq+q3SRMOxGivLhBNaUdC64hDTQwejJ+H0T/NB1XMtTVEwNTrfFF3gAxiyW0Bu/xWEGhjVKgUcMhCrUy2+uCWg==",
      "requires": {
        "base64-js": "^1.0.2",
        "ieee754": "^1.1.4",
        "isarray": "^1.0.0"
      }
    },
    "buffer-from": {
      "version": "1.1.1",
      "resolved": "https://registry.npmjs.org/buffer-from/-/buffer-from-1.1.1.tgz",
      "integrity": "sha512-MQcXEUbCKtEo7bhqEs6560Hyd4XaovZlO/k9V3hjVUF/zwW7KBVdSK4gIt/bzwS9MbR5qob+F5jusZsb0YQK2A=="
    },
    "chalk": {
      "version": "2.4.2",
      "resolved": "https://registry.npmjs.org/chalk/-/chalk-2.4.2.tgz",
      "integrity": "sha512-Mti+f9lpJNcwF4tWV8/OrTTtF1gZi+f8FqlyAdouralcFWFQWF2+NgCHShjkCb+IFBLq9buZwE1xckQU4peSuQ==",
      "requires": {
        "ansi-styles": "^3.2.1",
        "escape-string-regexp": "^1.0.5",
        "supports-color": "^5.3.0"
      }
    },
    "color-convert": {
      "version": "1.9.3",
      "resolved": "https://registry.npmjs.org/color-convert/-/color-convert-1.9.3.tgz",
      "integrity": "sha512-QfAUtd+vFdAtFQcC8CCyYt1fYWxSqAiK2cSD6zDB8N3cpsEBAvRxp9zOGg6G/SHHJYAT88/az/IuDGALsNVbGg==",
      "requires": {
        "color-name": "1.1.3"
      }
    },
    "color-name": {
      "version": "1.1.3",
      "resolved": "https://registry.npmjs.org/color-name/-/color-name-1.1.3.tgz",
      "integrity": "sha1-p9BVi9icQveV3UIyj3QIMcpTvCU="
    },
    "constructs": {
      "version": "3.0.5",
      "resolved": "https://registry.npmjs.org/constructs/-/constructs-3.0.5.tgz",
      "integrity": "sha512-ZAw7X6B7voC2t1A2KNNAcekr7xQuHYPLeouyxBplW6ltyZ6VaWRgwtYmpena57whFVEpo7woZuB8jvqFCcaiMg=="
    },
    "debug": {
      "version": "3.1.0",
      "resolved": "https://registry.npmjs.org/debug/-/debug-3.1.0.tgz",
      "integrity": "sha512-OX8XqP7/1a9cqkxYw2yXss15f26NKWBpDXQd0/uK/KPqdQhxbPa994hnzjcE2VqQpDslf55723cKPUOGSmMY3g==",
      "requires": {
        "ms": "2.0.0"
      }
    },
    "diff-sequences": {
      "version": "24.9.0",
      "resolved": "https://registry.npmjs.org/diff-sequences/-/diff-sequences-24.9.0.tgz",
      "integrity": "sha512-Dj6Wk3tWyTE+Fo1rW8v0Xhwk80um6yFYKbuAxc9c3EZxIHFDYwbi34Uk42u1CdnIiVorvt4RmlSDjIPyzGC2ew=="
    },
    "escape-string-regexp": {
      "version": "1.0.5",
      "resolved": "https://registry.npmjs.org/escape-string-regexp/-/escape-string-regexp-1.0.5.tgz",
      "integrity": "sha1-G2HAViGQqN/2rjuyzwIAyhMLhtQ="
    },
    "events": {
      "version": "1.1.1",
      "resolved": "https://registry.npmjs.org/events/-/events-1.1.1.tgz",
      "integrity": "sha1-nr23Y1rQmccNzEwqH1AEKI6L2SQ="
    },
    "follow-redirects": {
      "version": "1.5.10",
      "resolved": "https://registry.npmjs.org/follow-redirects/-/follow-redirects-1.5.10.tgz",
      "integrity": "sha512-0V5l4Cizzvqt5D44aTXbFZz+FtyXV1vrDN6qrelxtfYQKW0KO0W2T/hkE8xvGa/540LkZlkaUjO4ailYTFtHVQ==",
      "requires": {
        "debug": "=3.1.0"
      }
    },
    "has-flag": {
      "version": "3.0.0",
      "resolved": "https://registry.npmjs.org/has-flag/-/has-flag-3.0.0.tgz",
      "integrity": "sha1-tdRU3CGZriJWmfNGfloH87lVuv0="
    },
    "ieee754": {
      "version": "1.1.13",
      "resolved": "https://registry.npmjs.org/ieee754/-/ieee754-1.1.13.tgz",
      "integrity": "sha512-4vf7I2LYV/HaWerSo3XmlMkp5eZ83i+/CDluXi/IGTs/O1sejBNhTtnxzmRZfvOUqj7lZjqHkeTvpgSFDlWZTg=="
    },
    "is-buffer": {
      "version": "2.0.4",
      "resolved": "https://registry.npmjs.org/is-buffer/-/is-buffer-2.0.4.tgz",
      "integrity": "sha512-Kq1rokWXOPXWuaMAqZiJW4XxsmD9zGx9q4aePabbn3qCRGedtH7Cm+zV8WETitMfu1wdh+Rvd6w5egwSngUX2A=="
    },
    "isarray": {
      "version": "1.0.0",
      "resolved": "https://registry.npmjs.org/isarray/-/isarray-1.0.0.tgz",
      "integrity": "sha1-u5NdSFgsuhaMBoNJV6VKPgcSTxE="
    },
    "jest-diff": {
      "version": "24.9.0",
      "resolved": "https://registry.npmjs.org/jest-diff/-/jest-diff-24.9.0.tgz",
      "integrity": "sha512-qMfrTs8AdJE2iqrTp0hzh7kTd2PQWrsFyj9tORoKmu32xjPjeE4NyjVRDz8ybYwqS2ik8N4hsIpiVTyFeo2lBQ==",
      "requires": {
        "chalk": "^2.0.1",
        "diff-sequences": "^24.9.0",
        "jest-get-type": "^24.9.0",
        "pretty-format": "^24.9.0"
      }
    },
    "jest-get-type": {
      "version": "24.9.0",
      "resolved": "https://registry.npmjs.org/jest-get-type/-/jest-get-type-24.9.0.tgz",
      "integrity": "sha512-lUseMzAley4LhIcpSP9Jf+fTrQ4a1yHQwLNeeVa2cEmbCGeoZAtYPOIv8JaxLD/sUpKxetKGP+gsHl8f8TSj8Q=="
    },
    "jmespath": {
      "version": "0.15.0",
      "resolved": "https://registry.npmjs.org/jmespath/-/jmespath-0.15.0.tgz",
      "integrity": "sha1-o/Iiqarp+Wb10nx5ZRDigJF2Qhc="
    },
    "ms": {
      "version": "2.0.0",
      "resolved": "https://registry.npmjs.org/ms/-/ms-2.0.0.tgz",
      "integrity": "sha1-VgiurfwAvmwpAd9fmGF4jeDVl8g="
    },
    "pretty-format": {
      "version": "24.9.0",
      "resolved": "https://registry.npmjs.org/pretty-format/-/pretty-format-24.9.0.tgz",
      "integrity": "sha512-00ZMZUiHaJrNfk33guavqgvfJS30sLYf0f8+Srklv0AMPodGGHcoHgksZ3OThYnIvOd+8yMCn0YiEOogjlgsnA==",
      "requires": {
        "@jest/types": "^24.9.0",
        "ansi-regex": "^4.0.0",
        "ansi-styles": "^3.2.0",
        "react-is": "^16.8.4"
      }
    },
    "punycode": {
      "version": "1.3.2",
      "resolved": "https://registry.npmjs.org/punycode/-/punycode-1.3.2.tgz",
      "integrity": "sha1-llOgNvt8HuQjQvIyXM7v6jkmxI0="
    },
    "querystring": {
      "version": "0.2.0",
      "resolved": "https://registry.npmjs.org/querystring/-/querystring-0.2.0.tgz",
      "integrity": "sha1-sgmEkgO7Jd+CDadW50cAWHhSFiA="
    },
    "react-is": {
      "version": "16.13.1",
      "resolved": "https://registry.npmjs.org/react-is/-/react-is-16.13.1.tgz",
      "integrity": "sha512-24e6ynE2H+OKt4kqsOvNd8kBpV65zoxbA4BVsEOB3ARVWQki/DHzaUoC5KuON/BiccDaCCTZBuOcfZs70kR8bQ=="
    },
    "sax": {
      "version": "1.2.1",
      "resolved": "https://registry.npmjs.org/sax/-/sax-1.2.1.tgz",
      "integrity": "sha1-e45lYZCyKOgaZq6nSEgNgozS03o="
    },
    "source-map": {
      "version": "0.6.1",
      "resolved": "https://registry.npmjs.org/source-map/-/source-map-0.6.1.tgz",
      "integrity": "sha512-UjgapumWlbMhkBgzT7Ykc5YXUT46F0iKu8SGXq0bcwP5dz/h0Plj6enJqjz1Zbq2l5WaqYnrVbwWOWMyF3F47g=="
    },
    "source-map-support": {
      "version": "0.5.19",
      "resolved": "https://registry.npmjs.org/source-map-support/-/source-map-support-0.5.19.tgz",
      "integrity": "sha512-Wonm7zOCIJzBGQdB+thsPar0kYuCIzYvxZwlBa87yi/Mdjv7Tip2cyVbLj5o0cFPN4EVkuTwb3GDDyUx2DGnGw==",
      "requires": {
        "buffer-from": "^1.0.0",
        "source-map": "^0.6.0"
      }
    },
    "supports-color": {
      "version": "5.5.0",
      "resolved": "https://registry.npmjs.org/supports-color/-/supports-color-5.5.0.tgz",
      "integrity": "sha512-QjVjwdXIt408MIiAqCX4oUKsgU2EqAGzs2Ppkm4aQYbjm+ZEWEcW4SfFNTr4uMNZma0ey4f5lgLrkB0aX0QMow==",
      "requires": {
        "has-flag": "^3.0.0"
      }
    },
    "typescript": {
      "version": "4.0.3",
      "resolved": "https://registry.npmjs.org/typescript/-/typescript-4.0.3.tgz",
      "integrity": "sha512-tEu6DGxGgRJPb/mVPIZ48e69xCn2yRmCgYmDugAVwmJ6o+0u1RI18eO7E7WBTLYLaEVVOhwQmcdhQHweux/WPg==",
      "dev": true
    },
    "url": {
      "version": "0.10.3",
      "resolved": "https://registry.npmjs.org/url/-/url-0.10.3.tgz",
      "integrity": "sha1-Ah5NnHcF8hu/N9A861h2dAJ3TGQ=",
      "requires": {
        "punycode": "1.3.2",
        "querystring": "0.2.0"
      }
    },
    "uuid": {
      "version": "3.3.2",
      "resolved": "https://registry.npmjs.org/uuid/-/uuid-3.3.2.tgz",
      "integrity": "sha512-yXJmeNaw3DnnKAOKJE51sL/ZaYfWJRl1pK9dr19YFCu0ObS231AB1/LbqTKRAQ5kw8A90rA6fr4riOUpTZvQZA=="
    },
    "xml2js": {
      "version": "0.4.19",
      "resolved": "https://registry.npmjs.org/xml2js/-/xml2js-0.4.19.tgz",
      "integrity": "sha512-esZnJZJOiJR9wWKMyuvSE1y6Dq5LCuJanqhxslH2bxM6duahNZ+HMpCLhBQGZkbX6xRf8x1Y2eJlgt2q3qo49Q==",
      "requires": {
        "sax": ">=0.6.0",
        "xmlbuilder": "~9.0.1"
      }
    },
    "xmlbuilder": {
      "version": "9.0.7",
      "resolved": "https://registry.npmjs.org/xmlbuilder/-/xmlbuilder-9.0.7.tgz",
      "integrity": "sha1-Ey7mPS7FVlxVfiD0wi35rKaGsQ0="
    }
  }
}
