{
  "name": "alf-cdk-ui",
  "version": "0.1.0",
  "lockfileVersion": 1,
  "requires": true,
  "dependencies": {
    "@aws-cdk/assets": {
      "version": "1.65.0",
      "resolved": "https://registry.npmjs.org/@aws-cdk/assets/-/assets-1.65.0.tgz",
      "integrity": "sha512-jDZVRTZjq3wExaI9BHLZMFdI8UB75106xFt7Ikxhz9MgDpo5ilQzlo/Gvcw+80h303d+leQYSpEihwhFUxtWTg==",
      "dev": true,
      "requires": {
        "@aws-cdk/core": "1.65.0",
        "@aws-cdk/cx-api": "1.65.0",
        "constructs": "^3.0.4"
      }
    },
    "@aws-cdk/aws-apigateway": {
      "version": "1.65.0",
      "resolved": "https://registry.npmjs.org/@aws-cdk/aws-apigateway/-/aws-apigateway-1.65.0.tgz",
      "integrity": "sha512-54kVre0if3kc9Xy+gXEG8q8lZ/RXwUIWVNAH/jc8U2mFC+XhN93b9WvU7vI2Bl/5Qwsp0x3od5Zpg75DM68fqA==",
      "dev": true,
      "requires": {
        "@aws-cdk/assets": "1.65.0",
        "@aws-cdk/aws-certificatemanager": "1.65.0",
        "@aws-cdk/aws-ec2": "1.65.0",
        "@aws-cdk/aws-elasticloadbalancingv2": "1.65.0",
        "@aws-cdk/aws-iam": "1.65.0",
        "@aws-cdk/aws-lambda": "1.65.0",
        "@aws-cdk/aws-logs": "1.65.0",
        "@aws-cdk/aws-s3": "1.65.0",
        "@aws-cdk/aws-s3-assets": "1.65.0",
        "@aws-cdk/core": "1.65.0",
        "@aws-cdk/cx-api": "1.65.0",
        "constructs": "^3.0.4"
      }
    },
    "@aws-cdk/aws-applicationautoscaling": {
      "version": "1.65.0",
      "resolved": "https://registry.npmjs.org/@aws-cdk/aws-applicationautoscaling/-/aws-applicationautoscaling-1.65.0.tgz",
      "integrity": "sha512-bXvkaI1TEnCgFwaewV/g0+oyqOyfiI3E16TInoYy5wI/aH89UDMA69jauw8Ep/wbbQF5PgOnjVjNDuAOsgQ6bg==",
      "dev": true,
      "requires": {
        "@aws-cdk/aws-autoscaling-common": "1.65.0",
        "@aws-cdk/aws-cloudwatch": "1.65.0",
        "@aws-cdk/aws-iam": "1.65.0",
        "@aws-cdk/core": "1.65.0",
        "constructs": "^3.0.4"
      }
    },
    "@aws-cdk/aws-autoscaling": {
      "version": "1.65.0",
      "resolved": "https://registry.npmjs.org/@aws-cdk/aws-autoscaling/-/aws-autoscaling-1.65.0.tgz",
      "integrity": "sha512-JPfdUfn5pfXTk+tEtC5DmcDKl0z709+k7WZLTDeGz/wDQQoKRIn6pwTlpiz68yqVAfWM34IgdQ6UdNkI5bGpXQ==",
      "dev": true,
      "requires": {
        "@aws-cdk/aws-autoscaling-common": "1.65.0",
        "@aws-cdk/aws-cloudwatch": "1.65.0",
        "@aws-cdk/aws-ec2": "1.65.0",
        "@aws-cdk/aws-elasticloadbalancing": "1.65.0",
        "@aws-cdk/aws-elasticloadbalancingv2": "1.65.0",
        "@aws-cdk/aws-iam": "1.65.0",
        "@aws-cdk/aws-sns": "1.65.0",
        "@aws-cdk/core": "1.65.0",
        "constructs": "^3.0.4"
      }
    },
    "@aws-cdk/aws-autoscaling-common": {
      "version": "1.65.0",
      "resolved": "https://registry.npmjs.org/@aws-cdk/aws-autoscaling-common/-/aws-autoscaling-common-1.65.0.tgz",
      "integrity": "sha512-sXF9XQirO4wKDG3uCuhCEjw4IOUN+cRmVMBjC7VL1IPKtK3wqvjFZjre/u4s/7DQh7fLsTPQMQG8EtY23f0EAw==",
      "dev": true,
      "requires": {
        "@aws-cdk/aws-iam": "1.65.0",
        "@aws-cdk/core": "1.65.0",
        "constructs": "^3.0.4"
      }
    },
    "@aws-cdk/aws-autoscaling-hooktargets": {
      "version": "1.65.0",
      "resolved": "https://registry.npmjs.org/@aws-cdk/aws-autoscaling-hooktargets/-/aws-autoscaling-hooktargets-1.65.0.tgz",
      "integrity": "sha512-FcgFZUR67RgiFMhg5AfdqLTsws/HdVf/ttBflNlWfVSI9p/0AItkwHiGZal1EFsalTBf2WsUjiVtCgK6fY66sg==",
      "dev": true,
      "requires": {
        "@aws-cdk/aws-autoscaling": "1.65.0",
        "@aws-cdk/aws-iam": "1.65.0",
        "@aws-cdk/aws-kms": "1.65.0",
        "@aws-cdk/aws-lambda": "1.65.0",
        "@aws-cdk/aws-sns": "1.65.0",
        "@aws-cdk/aws-sns-subscriptions": "1.65.0",
        "@aws-cdk/aws-sqs": "1.65.0",
        "@aws-cdk/core": "1.65.0",
        "constructs": "^3.0.4"
      }
    },
    "@aws-cdk/aws-batch": {
      "version": "1.65.0",
      "resolved": "https://registry.npmjs.org/@aws-cdk/aws-batch/-/aws-batch-1.65.0.tgz",
      "integrity": "sha512-/gePL/q0379WiRbmf1cZqlex8usjgrRBYAKVmaPbdkeWcv94nVQUfeWgCj8Xx/klavn1DeQP6VF2SkmJ4nUPjA==",
      "dev": true,
      "requires": {
        "@aws-cdk/aws-ec2": "1.65.0",
        "@aws-cdk/aws-ecr": "1.65.0",
        "@aws-cdk/aws-ecs": "1.65.0",
        "@aws-cdk/aws-iam": "1.65.0",
        "@aws-cdk/core": "1.65.0",
        "constructs": "^3.0.4"
      }
    },
    "@aws-cdk/aws-certificatemanager": {
      "version": "1.65.0",
      "resolved": "https://registry.npmjs.org/@aws-cdk/aws-certificatemanager/-/aws-certificatemanager-1.65.0.tgz",
      "integrity": "sha512-ANFr9MFrY45+pJTCbG6yU6NcMq6EYWWBdjt3/XHB6NRLk3BqhJESZjxXweObysmQA3KS6Y5JTIr8sZJr9tx20g==",
      "dev": true,
      "requires": {
        "@aws-cdk/aws-iam": "1.65.0",
        "@aws-cdk/aws-lambda": "1.65.0",
        "@aws-cdk/aws-route53": "1.65.0",
        "@aws-cdk/core": "1.65.0",
        "constructs": "^3.0.4"
      }
    },
    "@aws-cdk/aws-cloudformation": {
      "version": "1.65.0",
      "resolved": "https://registry.npmjs.org/@aws-cdk/aws-cloudformation/-/aws-cloudformation-1.65.0.tgz",
      "integrity": "sha512-vDAYWjHhqw0lw12CrieZ9Q3YQukAWpkAhwq/wRIsD48JUn4yqzkH5S6k6HPnFhXWwVT1K5esxmu1WUptPLbqYg==",
      "dev": true,
      "requires": {
        "@aws-cdk/aws-iam": "1.65.0",
        "@aws-cdk/aws-lambda": "1.65.0",
        "@aws-cdk/aws-s3": "1.65.0",
        "@aws-cdk/aws-sns": "1.65.0",
        "@aws-cdk/core": "1.65.0",
        "@aws-cdk/cx-api": "1.65.0",
        "constructs": "^3.0.4"
      }
    },
    "@aws-cdk/aws-cloudfront": {
      "version": "1.65.0",
      "resolved": "https://registry.npmjs.org/@aws-cdk/aws-cloudfront/-/aws-cloudfront-1.65.0.tgz",
      "integrity": "sha512-7nvI91ONkyuYdjY3jmQ6/Rs43T9/akh5028BSp9ccOlxZpTyUJ+7ZB1ErLa6aP33QEqRGf+Dlp0UZTcV1U9wJA==",
      "dev": true,
      "requires": {
        "@aws-cdk/aws-certificatemanager": "1.65.0",
        "@aws-cdk/aws-iam": "1.65.0",
        "@aws-cdk/aws-kms": "1.65.0",
        "@aws-cdk/aws-lambda": "1.65.0",
        "@aws-cdk/aws-s3": "1.65.0",
        "@aws-cdk/core": "1.65.0",
        "constructs": "^3.0.4"
      }
    },
    "@aws-cdk/aws-cloudwatch": {
      "version": "1.65.0",
      "resolved": "https://registry.npmjs.org/@aws-cdk/aws-cloudwatch/-/aws-cloudwatch-1.65.0.tgz",
      "integrity": "sha512-Agbvh8PX5evw4XziXfxEchOvS+eePwKiJdxdBldALV86eDK4Nq/8/ZjO/8rW0XeANdRZ4tG9Pg0MOedCkc1KXQ==",
      "dev": true,
      "requires": {
        "@aws-cdk/aws-iam": "1.65.0",
        "@aws-cdk/core": "1.65.0",
        "constructs": "^3.0.4"
      }
    },
    "@aws-cdk/aws-codebuild": {
      "version": "1.65.0",
      "resolved": "https://registry.npmjs.org/@aws-cdk/aws-codebuild/-/aws-codebuild-1.65.0.tgz",
      "integrity": "sha512-FHKRuAdwM8+0Mbxlirr0vQBQko71U9zmRuCGWMPdAb/tfLNdVv77QC5q8jFlkY5WHapYkRaJLbopcUx7ZqSwHg==",
      "dev": true,
      "requires": {
        "@aws-cdk/assets": "1.65.0",
        "@aws-cdk/aws-cloudwatch": "1.65.0",
        "@aws-cdk/aws-codecommit": "1.65.0",
        "@aws-cdk/aws-ec2": "1.65.0",
        "@aws-cdk/aws-ecr": "1.65.0",
        "@aws-cdk/aws-ecr-assets": "1.65.0",
        "@aws-cdk/aws-events": "1.65.0",
        "@aws-cdk/aws-iam": "1.65.0",
        "@aws-cdk/aws-kms": "1.65.0",
        "@aws-cdk/aws-s3": "1.65.0",
        "@aws-cdk/aws-s3-assets": "1.65.0",
        "@aws-cdk/aws-secretsmanager": "1.65.0",
        "@aws-cdk/core": "1.65.0",
        "@aws-cdk/region-info": "1.65.0",
        "constructs": "^3.0.4"
      }
    },
    "@aws-cdk/aws-codecommit": {
      "version": "1.65.0",
      "resolved": "https://registry.npmjs.org/@aws-cdk/aws-codecommit/-/aws-codecommit-1.65.0.tgz",
      "integrity": "sha512-aNg8JEQtlQt065APIGB0k1C2DtwLoaZ9B5StmJzkC4bwqdvbr/aDBENGDK2pzRU+alE6g+2Mk6th/k2hfmzdQA==",
      "dev": true,
      "requires": {
        "@aws-cdk/aws-events": "1.65.0",
        "@aws-cdk/aws-iam": "1.65.0",
        "@aws-cdk/core": "1.65.0",
        "constructs": "^3.0.4"
      }
    },
    "@aws-cdk/aws-codedeploy": {
      "version": "1.65.0",
      "resolved": "https://registry.npmjs.org/@aws-cdk/aws-codedeploy/-/aws-codedeploy-1.65.0.tgz",
      "integrity": "sha512-V0Li/wxUMthUDkzitGUdZ7vQVZe+ATa7t+p5duN7xcgItLpBev5w5zHslee5eFtK/LBCNKTmbDoIetgON5/kaA==",
      "dev": true,
      "requires": {
        "@aws-cdk/aws-autoscaling": "1.65.0",
        "@aws-cdk/aws-cloudwatch": "1.65.0",
        "@aws-cdk/aws-ec2": "1.65.0",
        "@aws-cdk/aws-elasticloadbalancing": "1.65.0",
        "@aws-cdk/aws-elasticloadbalancingv2": "1.65.0",
        "@aws-cdk/aws-iam": "1.65.0",
        "@aws-cdk/aws-lambda": "1.65.0",
        "@aws-cdk/aws-s3": "1.65.0",
        "@aws-cdk/core": "1.65.0",
        "constructs": "^3.0.4"
      }
    },
    "@aws-cdk/aws-codeguruprofiler": {
      "version": "1.65.0",
      "resolved": "https://registry.npmjs.org/@aws-cdk/aws-codeguruprofiler/-/aws-codeguruprofiler-1.65.0.tgz",
      "integrity": "sha512-0dW4xkoT9nff72vA/wSd/NREatrkMJu3x7Ixf35LpMUh7XCUINGpUaIgw8gjiiQaxnh2n+cJvFFbXNHQ8UNCLQ==",
      "dev": true,
      "requires": {
        "@aws-cdk/aws-iam": "1.65.0",
        "@aws-cdk/core": "1.65.0",
        "constructs": "^3.0.4"
      }
    },
    "@aws-cdk/aws-codepipeline": {
      "version": "1.65.0",
      "resolved": "https://registry.npmjs.org/@aws-cdk/aws-codepipeline/-/aws-codepipeline-1.65.0.tgz",
      "integrity": "sha512-Gdmjc3XmjRw9djsSUDZ/6F/4o82uCLZpPSuAj6bnBt74ygipcJFuioi5NrvNVlRT0Wanmv259Mh0BzAKu1uOgA==",
      "dev": true,
      "requires": {
        "@aws-cdk/aws-events": "1.65.0",
        "@aws-cdk/aws-iam": "1.65.0",
        "@aws-cdk/aws-kms": "1.65.0",
        "@aws-cdk/aws-s3": "1.65.0",
        "@aws-cdk/core": "1.65.0",
        "constructs": "^3.0.4"
      }
    },
    "@aws-cdk/aws-codepipeline-actions": {
      "version": "1.65.0",
      "resolved": "https://registry.npmjs.org/@aws-cdk/aws-codepipeline-actions/-/aws-codepipeline-actions-1.65.0.tgz",
      "integrity": "sha512-2oBDzJXhuVpbacTr5E8J7/Oo7BDbI6ju4ZcAHfVmXSEKnTdwT+R/xluTT5nQmtmE5iTdpHcYbVCVQq2q0xwfbQ==",
      "dev": true,
      "requires": {
        "@aws-cdk/aws-cloudformation": "1.65.0",
        "@aws-cdk/aws-codebuild": "1.65.0",
        "@aws-cdk/aws-codecommit": "1.65.0",
        "@aws-cdk/aws-codedeploy": "1.65.0",
        "@aws-cdk/aws-codepipeline": "1.65.0",
        "@aws-cdk/aws-ec2": "1.65.0",
        "@aws-cdk/aws-ecr": "1.65.0",
        "@aws-cdk/aws-ecs": "1.65.0",
        "@aws-cdk/aws-events": "1.65.0",
        "@aws-cdk/aws-events-targets": "1.65.0",
        "@aws-cdk/aws-iam": "1.65.0",
        "@aws-cdk/aws-lambda": "1.65.0",
        "@aws-cdk/aws-s3": "1.65.0",
        "@aws-cdk/aws-servicecatalog": "1.65.0",
        "@aws-cdk/aws-sns": "1.65.0",
        "@aws-cdk/aws-sns-subscriptions": "1.65.0",
        "@aws-cdk/aws-stepfunctions": "1.65.0",
        "@aws-cdk/core": "1.65.0",
        "case": "1.6.3",
        "constructs": "^3.0.4"
      },
      "dependencies": {
        "case": {
          "version": "1.6.3",
          "bundled": true,
          "dev": true
        }
      }
    },
    "@aws-cdk/aws-cognito": {
      "version": "1.65.0",
      "resolved": "https://registry.npmjs.org/@aws-cdk/aws-cognito/-/aws-cognito-1.65.0.tgz",
      "integrity": "sha512-R24/nnt6n4R1W5PfsIZCLqEwZhlSx/BqGf41di9jHE1hpzrkMflyDBPc1L4tig7bY+Osvo3KcyQD1lPkJK+ceg==",
      "dev": true,
      "requires": {
        "@aws-cdk/aws-certificatemanager": "1.65.0",
        "@aws-cdk/aws-iam": "1.65.0",
        "@aws-cdk/aws-lambda": "1.65.0",
        "@aws-cdk/core": "1.65.0",
        "@aws-cdk/custom-resources": "1.65.0",
        "constructs": "^3.0.4"
      }
    },
    "@aws-cdk/aws-dynamodb": {
      "version": "1.65.0",
      "resolved": "https://registry.npmjs.org/@aws-cdk/aws-dynamodb/-/aws-dynamodb-1.65.0.tgz",
      "integrity": "sha512-ffonXv7MtLjhbA92PwhNEgOJO6zfxYH7jXA0J/yliRDDAkCn0l+z/M+MwZzR4rUBoVnGWeqnuaQuwV9saM66dQ==",
      "dev": true,
      "requires": {
        "@aws-cdk/aws-applicationautoscaling": "1.65.0",
        "@aws-cdk/aws-cloudwatch": "1.65.0",
        "@aws-cdk/aws-iam": "1.65.0",
        "@aws-cdk/aws-kms": "1.65.0",
        "@aws-cdk/aws-lambda": "1.65.0",
        "@aws-cdk/core": "1.65.0",
        "@aws-cdk/custom-resources": "1.65.0",
        "constructs": "^3.0.4"
      }
    },
    "@aws-cdk/aws-ec2": {
      "version": "1.65.0",
      "resolved": "https://registry.npmjs.org/@aws-cdk/aws-ec2/-/aws-ec2-1.65.0.tgz",
      "integrity": "sha512-QkttEWPu2cW79I//2fkxEy9u2wcZcKrmwSK+5ptRXeP18Pq6JDPfHUCBqmI2vGm2LisKQyBHOSiXE+TM8LyPvA==",
      "dev": true,
      "requires": {
        "@aws-cdk/aws-cloudwatch": "1.65.0",
        "@aws-cdk/aws-iam": "1.65.0",
        "@aws-cdk/aws-kms": "1.65.0",
        "@aws-cdk/aws-logs": "1.65.0",
        "@aws-cdk/aws-s3": "1.65.0",
        "@aws-cdk/aws-s3-assets": "1.65.0",
        "@aws-cdk/aws-ssm": "1.65.0",
        "@aws-cdk/cloud-assembly-schema": "1.65.0",
        "@aws-cdk/core": "1.65.0",
        "@aws-cdk/cx-api": "1.65.0",
        "@aws-cdk/region-info": "1.65.0",
        "constructs": "^3.0.4"
      }
    },
    "@aws-cdk/aws-ecr": {
      "version": "1.65.0",
      "resolved": "https://registry.npmjs.org/@aws-cdk/aws-ecr/-/aws-ecr-1.65.0.tgz",
      "integrity": "sha512-fLTxuyPeo9Ek+lWRWArtr+uleI2WQZ/Z7FSZJlub/ziHak+D4gFOR6XZEnG/Yv0Mhmc7827dCWa17UOjFqT2iA==",
      "dev": true,
      "requires": {
        "@aws-cdk/aws-events": "1.65.0",
        "@aws-cdk/aws-iam": "1.65.0",
        "@aws-cdk/core": "1.65.0",
        "@aws-cdk/custom-resources": "1.65.0",
        "constructs": "^3.0.4"
      }
    },
    "@aws-cdk/aws-ecr-assets": {
      "version": "1.65.0",
      "resolved": "https://registry.npmjs.org/@aws-cdk/aws-ecr-assets/-/aws-ecr-assets-1.65.0.tgz",
      "integrity": "sha512-EpTXw7n0xWJareNC8/+yVRAFaBF6skhDFih2El08vTrCF9ELOqLnqlYZPU8aSwX+TDZE8bVAIkVrND+2ND7TIw==",
      "dev": true,
      "requires": {
        "@aws-cdk/assets": "1.65.0",
        "@aws-cdk/aws-ecr": "1.65.0",
        "@aws-cdk/aws-iam": "1.65.0",
        "@aws-cdk/aws-lambda": "1.65.0",
        "@aws-cdk/aws-s3": "1.65.0",
        "@aws-cdk/core": "1.65.0",
        "@aws-cdk/cx-api": "1.65.0",
        "constructs": "^3.0.4",
        "minimatch": "^3.0.4"
      },
      "dependencies": {
        "balanced-match": {
          "version": "1.0.0",
          "bundled": true,
          "dev": true
        },
        "brace-expansion": {
          "version": "1.1.11",
          "bundled": true,
          "dev": true,
          "requires": {
            "balanced-match": "^1.0.0",
            "concat-map": "0.0.1"
          }
        },
        "concat-map": {
          "version": "0.0.1",
          "bundled": true,
          "dev": true
        },
        "minimatch": {
          "version": "3.0.4",
          "bundled": true,
          "dev": true,
          "requires": {
            "brace-expansion": "^1.1.7"
          }
        }
      }
    },
    "@aws-cdk/aws-ecs": {
      "version": "1.65.0",
      "resolved": "https://registry.npmjs.org/@aws-cdk/aws-ecs/-/aws-ecs-1.65.0.tgz",
      "integrity": "sha512-E+6QWziKVJX+SVh6mDLick7ZDbff7m0mUbDY+N0YXgHUo76ifNc3bVDwhC88ZPf8L0gzUVZ2ELwGBpH0qQ8VWA==",
      "dev": true,
      "requires": {
        "@aws-cdk/aws-applicationautoscaling": "1.65.0",
        "@aws-cdk/aws-autoscaling": "1.65.0",
        "@aws-cdk/aws-autoscaling-hooktargets": "1.65.0",
        "@aws-cdk/aws-certificatemanager": "1.65.0",
        "@aws-cdk/aws-cloudwatch": "1.65.0",
        "@aws-cdk/aws-ec2": "1.65.0",
        "@aws-cdk/aws-ecr": "1.65.0",
        "@aws-cdk/aws-ecr-assets": "1.65.0",
        "@aws-cdk/aws-elasticloadbalancing": "1.65.0",
        "@aws-cdk/aws-elasticloadbalancingv2": "1.65.0",
        "@aws-cdk/aws-iam": "1.65.0",
        "@aws-cdk/aws-kms": "1.65.0",
        "@aws-cdk/aws-lambda": "1.65.0",
        "@aws-cdk/aws-logs": "1.65.0",
        "@aws-cdk/aws-route53": "1.65.0",
        "@aws-cdk/aws-route53-targets": "1.65.0",
        "@aws-cdk/aws-secretsmanager": "1.65.0",
        "@aws-cdk/aws-servicediscovery": "1.65.0",
        "@aws-cdk/aws-sns": "1.65.0",
        "@aws-cdk/aws-sqs": "1.65.0",
        "@aws-cdk/aws-ssm": "1.65.0",
        "@aws-cdk/core": "1.65.0",
        "@aws-cdk/cx-api": "1.65.0",
        "constructs": "^3.0.4"
      }
    },
    "@aws-cdk/aws-efs": {
      "version": "1.65.0",
      "resolved": "https://registry.npmjs.org/@aws-cdk/aws-efs/-/aws-efs-1.65.0.tgz",
      "integrity": "sha512-m1vwnyuoyhrq8XbVjHud0hq/CAdcIvykrnE8IyEtIrONEIBsBfJKCPX+x5cAPYqDTTiKjMGJ5oLqQ8RgzEgX/w==",
      "dev": true,
      "requires": {
        "@aws-cdk/aws-ec2": "1.65.0",
        "@aws-cdk/aws-kms": "1.65.0",
        "@aws-cdk/cloud-assembly-schema": "1.65.0",
        "@aws-cdk/core": "1.65.0",
        "@aws-cdk/cx-api": "1.65.0",
        "constructs": "^3.0.4"
      }
    },
    "@aws-cdk/aws-elasticloadbalancing": {
      "version": "1.65.0",
      "resolved": "https://registry.npmjs.org/@aws-cdk/aws-elasticloadbalancing/-/aws-elasticloadbalancing-1.65.0.tgz",
      "integrity": "sha512-5sK+F5mlhTcrLv6Gn4YKJHqIQEajetLj6AHHELNCZv2Ty3BB43VLLY8pydmcC8O1hIF+Gpij87esMpwvLzvqeQ==",
      "dev": true,
      "requires": {
        "@aws-cdk/aws-ec2": "1.65.0",
        "@aws-cdk/core": "1.65.0",
        "constructs": "^3.0.4"
      }
    },
    "@aws-cdk/aws-elasticloadbalancingv2": {
      "version": "1.65.0",
      "resolved": "https://registry.npmjs.org/@aws-cdk/aws-elasticloadbalancingv2/-/aws-elasticloadbalancingv2-1.65.0.tgz",
      "integrity": "sha512-ZZffNmqEOGkV7ezgKsd7Wv/t8aVkUzTZcaHm2i/S8Wb00lPHDIdFaNh6/gm8ar1UKBhKsZToyOLz+6DHwu1QpA==",
      "dev": true,
      "requires": {
        "@aws-cdk/aws-certificatemanager": "1.65.0",
        "@aws-cdk/aws-cloudwatch": "1.65.0",
        "@aws-cdk/aws-ec2": "1.65.0",
        "@aws-cdk/aws-iam": "1.65.0",
        "@aws-cdk/aws-lambda": "1.65.0",
        "@aws-cdk/aws-s3": "1.65.0",
        "@aws-cdk/core": "1.65.0",
        "@aws-cdk/region-info": "1.65.0",
        "constructs": "^3.0.4"
      }
    },
    "@aws-cdk/aws-events": {
      "version": "1.65.0",
      "resolved": "https://registry.npmjs.org/@aws-cdk/aws-events/-/aws-events-1.65.0.tgz",
      "integrity": "sha512-C2CWtWOXtR5+GS74MhOM/xCc+KNds/FOhu2gWGwtGvjQMe18Ldpt+0bSxi5z7nvjZlpPdLc7dWBGHbLlFv5dIw==",
      "dev": true,
      "requires": {
        "@aws-cdk/aws-iam": "1.65.0",
        "@aws-cdk/core": "1.65.0",
        "constructs": "^3.0.4"
      }
    },
    "@aws-cdk/aws-events-targets": {
      "version": "1.65.0",
      "resolved": "https://registry.npmjs.org/@aws-cdk/aws-events-targets/-/aws-events-targets-1.65.0.tgz",
      "integrity": "sha512-yh+1lBWzHpWtmkCk33FsyYFUBiI2mnKYAlXfE9Ghwp2F3gm0GZ3wnQNk40AJhtFXuIYQsFqpim3YiqR83jPHhQ==",
      "dev": true,
      "requires": {
        "@aws-cdk/aws-batch": "1.65.0",
        "@aws-cdk/aws-codebuild": "1.65.0",
        "@aws-cdk/aws-codepipeline": "1.65.0",
        "@aws-cdk/aws-ec2": "1.65.0",
        "@aws-cdk/aws-ecs": "1.65.0",
        "@aws-cdk/aws-events": "1.65.0",
        "@aws-cdk/aws-iam": "1.65.0",
        "@aws-cdk/aws-kinesis": "1.65.0",
        "@aws-cdk/aws-lambda": "1.65.0",
        "@aws-cdk/aws-sns": "1.65.0",
        "@aws-cdk/aws-sns-subscriptions": "1.65.0",
        "@aws-cdk/aws-sqs": "1.65.0",
        "@aws-cdk/aws-stepfunctions": "1.65.0",
        "@aws-cdk/core": "1.65.0",
        "constructs": "^3.0.4"
      }
    },
    "@aws-cdk/aws-iam": {
      "version": "1.65.0",
      "resolved": "https://registry.npmjs.org/@aws-cdk/aws-iam/-/aws-iam-1.65.0.tgz",
      "integrity": "sha512-qDU99+IWTXTvOY2bxO0EOl9RImLGpUqAXfV3TjYFcKPvBkklbCSIlPelY3ny14V1OgaCCPvmdYqgMcnYWGirQw==",
      "dev": true,
      "requires": {
        "@aws-cdk/core": "1.65.0",
        "@aws-cdk/region-info": "1.65.0",
        "constructs": "^3.0.4"
      }
    },
    "@aws-cdk/aws-kinesis": {
      "version": "1.65.0",
      "resolved": "https://registry.npmjs.org/@aws-cdk/aws-kinesis/-/aws-kinesis-1.65.0.tgz",
      "integrity": "sha512-B7pCyFOgbU728UUdqSW1C06zuyEnKrT82weg5AQen6E9kD1hRy3bz53rr8sBUFmeC8xeNyGMGo45qZKKryZjog==",
      "dev": true,
      "requires": {
        "@aws-cdk/aws-iam": "1.65.0",
        "@aws-cdk/aws-kms": "1.65.0",
        "@aws-cdk/aws-logs": "1.65.0",
        "@aws-cdk/core": "1.65.0",
        "constructs": "^3.0.4"
      }
    },
    "@aws-cdk/aws-kms": {
      "version": "1.65.0",
      "resolved": "https://registry.npmjs.org/@aws-cdk/aws-kms/-/aws-kms-1.65.0.tgz",
      "integrity": "sha512-Wd4H15+W5GpAFcg4k0cVKeMtK4Cq6Ududk9oG5ISLWR5qGXAAHub/zIAokPsK3L6Fp/NwIPrHS6uzDIq4oR80Q==",
      "dev": true,
      "requires": {
        "@aws-cdk/aws-iam": "1.65.0",
        "@aws-cdk/core": "1.65.0",
        "constructs": "^3.0.4"
      }
    },
    "@aws-cdk/aws-lambda": {
      "version": "1.65.0",
      "resolved": "https://registry.npmjs.org/@aws-cdk/aws-lambda/-/aws-lambda-1.65.0.tgz",
      "integrity": "sha512-iIRplaegXznzNcQviJnQGD+Yh5cq7l9hcVAlTk0HPCAquBqf5pgLc0WVnA9tQCHJ0B4BDVzexsgiqZ/Oj10Ekg==",
      "dev": true,
      "requires": {
        "@aws-cdk/aws-applicationautoscaling": "1.65.0",
        "@aws-cdk/aws-cloudwatch": "1.65.0",
        "@aws-cdk/aws-codeguruprofiler": "1.65.0",
        "@aws-cdk/aws-ec2": "1.65.0",
        "@aws-cdk/aws-efs": "1.65.0",
        "@aws-cdk/aws-events": "1.65.0",
        "@aws-cdk/aws-iam": "1.65.0",
        "@aws-cdk/aws-logs": "1.65.0",
        "@aws-cdk/aws-s3": "1.65.0",
        "@aws-cdk/aws-s3-assets": "1.65.0",
        "@aws-cdk/aws-sqs": "1.65.0",
        "@aws-cdk/core": "1.65.0",
        "@aws-cdk/cx-api": "1.65.0",
        "constructs": "^3.0.4"
      }
    },
    "@aws-cdk/aws-lambda-event-sources": {
      "version": "1.65.0",
      "resolved": "https://registry.npmjs.org/@aws-cdk/aws-lambda-event-sources/-/aws-lambda-event-sources-1.65.0.tgz",
      "integrity": "sha512-9r61pEi763coM78rrWaCQJTwpudlRzpJPpn5mopXWpgj8nhNnZEPx+o6NyP08LGa9fP3oRB/XR1+9aLoVYEn2A==",
      "dev": true,
      "requires": {
        "@aws-cdk/aws-apigateway": "1.65.0",
        "@aws-cdk/aws-dynamodb": "1.65.0",
        "@aws-cdk/aws-events": "1.65.0",
        "@aws-cdk/aws-iam": "1.65.0",
        "@aws-cdk/aws-kinesis": "1.65.0",
        "@aws-cdk/aws-lambda": "1.65.0",
        "@aws-cdk/aws-s3": "1.65.0",
        "@aws-cdk/aws-s3-notifications": "1.65.0",
        "@aws-cdk/aws-sns": "1.65.0",
        "@aws-cdk/aws-sns-subscriptions": "1.65.0",
        "@aws-cdk/aws-sqs": "1.65.0",
        "@aws-cdk/core": "1.65.0",
        "constructs": "^3.0.4"
      }
    },
    "@aws-cdk/aws-logs": {
      "version": "1.65.0",
      "resolved": "https://registry.npmjs.org/@aws-cdk/aws-logs/-/aws-logs-1.65.0.tgz",
      "integrity": "sha512-QjTkoSBwgibjFxVGjnHHeSWO0MjXgHQ4VOBRpaVQ2PDKrU6Mrgqa8yWmWeQ+2Pl22zsA4BGNJ624Yjd+O3caEw==",
      "dev": true,
      "requires": {
        "@aws-cdk/aws-cloudwatch": "1.65.0",
        "@aws-cdk/aws-iam": "1.65.0",
        "@aws-cdk/aws-s3-assets": "1.65.0",
        "@aws-cdk/core": "1.65.0",
        "constructs": "^3.0.4"
      }
    },
    "@aws-cdk/aws-route53": {
      "version": "1.65.0",
      "resolved": "https://registry.npmjs.org/@aws-cdk/aws-route53/-/aws-route53-1.65.0.tgz",
      "integrity": "sha512-YHACenTcR7xuB8EQWN8ty8gPxU2vKIK5OZL5DQ8a7m2mcdQtWZOt7780TGSarD1rqn7+mFMnrceU0tgftTXv3Q==",
      "dev": true,
      "requires": {
        "@aws-cdk/aws-ec2": "1.65.0",
        "@aws-cdk/aws-logs": "1.65.0",
        "@aws-cdk/cloud-assembly-schema": "1.65.0",
        "@aws-cdk/core": "1.65.0",
        "constructs": "^3.0.4"
      }
    },
    "@aws-cdk/aws-route53-targets": {
      "version": "1.65.0",
      "resolved": "https://registry.npmjs.org/@aws-cdk/aws-route53-targets/-/aws-route53-targets-1.65.0.tgz",
      "integrity": "sha512-mei08Ft1oP1UpWOil//42D7wdGLSw1rKY2GVa+ufM6WoweFVfFVtgACwycEBCmzPamK7+lhLTKDXRk++Ep5LkA==",
      "dev": true,
      "requires": {
        "@aws-cdk/aws-apigateway": "1.65.0",
        "@aws-cdk/aws-cloudfront": "1.65.0",
        "@aws-cdk/aws-cognito": "1.65.0",
        "@aws-cdk/aws-ec2": "1.65.0",
        "@aws-cdk/aws-elasticloadbalancing": "1.65.0",
        "@aws-cdk/aws-elasticloadbalancingv2": "1.65.0",
        "@aws-cdk/aws-iam": "1.65.0",
        "@aws-cdk/aws-route53": "1.65.0",
        "@aws-cdk/aws-s3": "1.65.0",
        "@aws-cdk/core": "1.65.0",
        "@aws-cdk/region-info": "1.65.0",
        "constructs": "^3.0.4"
      }
    },
    "@aws-cdk/aws-s3": {
      "version": "1.65.0",
      "resolved": "https://registry.npmjs.org/@aws-cdk/aws-s3/-/aws-s3-1.65.0.tgz",
      "integrity": "sha512-FZDxMqtDsYxx6Fvu9jZ1H00k35BJmDhnAFBZADUjF+uAXNUhJTHsOQkCdc4zumuaB5w3o6Nult7Jis8/JODvJw==",
      "dev": true,
      "requires": {
        "@aws-cdk/aws-events": "1.65.0",
        "@aws-cdk/aws-iam": "1.65.0",
        "@aws-cdk/aws-kms": "1.65.0",
        "@aws-cdk/core": "1.65.0",
        "constructs": "^3.0.4"
      }
    },
    "@aws-cdk/aws-s3-assets": {
      "version": "1.65.0",
      "resolved": "https://registry.npmjs.org/@aws-cdk/aws-s3-assets/-/aws-s3-assets-1.65.0.tgz",
      "integrity": "sha512-KvXUiGSR5gpWxs+GHpUPAyoaN4WwjcCZv33tFqVIIvPa4WJEWTqd/117jt0jlAVn2bXfwJAOM+2O8YBB2R+DPA==",
      "dev": true,
      "requires": {
        "@aws-cdk/assets": "1.65.0",
        "@aws-cdk/aws-iam": "1.65.0",
        "@aws-cdk/aws-kms": "1.65.0",
        "@aws-cdk/aws-s3": "1.65.0",
        "@aws-cdk/core": "1.65.0",
        "@aws-cdk/cx-api": "1.65.0",
        "constructs": "^3.0.4"
      }
    },
    "@aws-cdk/aws-s3-deployment": {
      "version": "1.65.0",
      "resolved": "https://registry.npmjs.org/@aws-cdk/aws-s3-deployment/-/aws-s3-deployment-1.65.0.tgz",
      "integrity": "sha512-M/dZenqe4vFJ2/yIBNLXe6phh9MlDEBFNskqURrDhBVMF/lY/0A7KWqnJ5K85/Du8Yiu0OLPGMKF2E320uRJdA==",
      "dev": true,
      "requires": {
        "@aws-cdk/aws-cloudfront": "1.65.0",
        "@aws-cdk/aws-iam": "1.65.0",
        "@aws-cdk/aws-lambda": "1.65.0",
        "@aws-cdk/aws-s3": "1.65.0",
        "@aws-cdk/aws-s3-assets": "1.65.0",
        "@aws-cdk/core": "1.65.0",
        "constructs": "^3.0.4"
      }
    },
    "@aws-cdk/aws-s3-notifications": {
      "version": "1.65.0",
      "resolved": "https://registry.npmjs.org/@aws-cdk/aws-s3-notifications/-/aws-s3-notifications-1.65.0.tgz",
      "integrity": "sha512-QRU2JBIZTh10/u24mX65sa6zQfKodtrsvU0zlw9pGEQXhQeGcRfgdULzTYIeMyolu27jORoLb7Bwbpz3d/KDeA==",
      "dev": true,
      "requires": {
        "@aws-cdk/aws-iam": "1.65.0",
        "@aws-cdk/aws-lambda": "1.65.0",
        "@aws-cdk/aws-s3": "1.65.0",
        "@aws-cdk/aws-sns": "1.65.0",
        "@aws-cdk/aws-sqs": "1.65.0",
        "@aws-cdk/core": "1.65.0",
        "constructs": "^3.0.4"
      }
    },
    "@aws-cdk/aws-sam": {
      "version": "1.65.0",
      "resolved": "https://registry.npmjs.org/@aws-cdk/aws-sam/-/aws-sam-1.65.0.tgz",
      "integrity": "sha512-oTp0wGScgKVA4WkSCG1PLt0J2QD4CGV/41lkJIKpgXhiHNCsK2PJN6jg31+qam7C7CEIRwa+8lws/t7FAmWbLA==",
      "dev": true,
      "requires": {
        "@aws-cdk/core": "1.65.0",
        "constructs": "^3.0.4"
      }
    },
    "@aws-cdk/aws-secretsmanager": {
      "version": "1.65.0",
      "resolved": "https://registry.npmjs.org/@aws-cdk/aws-secretsmanager/-/aws-secretsmanager-1.65.0.tgz",
      "integrity": "sha512-7pJeFWZ9845B30Z0zl0sPxN9Zj4KBWi8WymPMWOLi/LIy40RM2hWlqor75K6ioF24Uw+FxYBjd0c6uNp5FzMOQ==",
      "dev": true,
      "requires": {
        "@aws-cdk/aws-ec2": "1.65.0",
        "@aws-cdk/aws-iam": "1.65.0",
        "@aws-cdk/aws-kms": "1.65.0",
        "@aws-cdk/aws-lambda": "1.65.0",
        "@aws-cdk/aws-sam": "1.65.0",
        "@aws-cdk/core": "1.65.0",
        "constructs": "^3.0.4"
      }
    },
    "@aws-cdk/aws-servicecatalog": {
      "version": "1.65.0",
      "resolved": "https://registry.npmjs.org/@aws-cdk/aws-servicecatalog/-/aws-servicecatalog-1.65.0.tgz",
      "integrity": "sha512-eDSA0gBGq6PrHVMlMasurHLb/s4oYW5i/UDU8bUef0s3FonIZjtvZzueEbbYuijn5Od2Z7zDTTO8GiR7MSIJGQ==",
      "dev": true,
      "requires": {
        "@aws-cdk/core": "1.65.0",
        "constructs": "^3.0.4"
      }
    },
    "@aws-cdk/aws-servicediscovery": {
      "version": "1.65.0",
      "resolved": "https://registry.npmjs.org/@aws-cdk/aws-servicediscovery/-/aws-servicediscovery-1.65.0.tgz",
      "integrity": "sha512-yPYLWIvPM40SqgUb3q0DUknoniL+NKcMgn/S5XPIJ00KFC+H2bU+u2YjZ2HPCA6uiQsbbEGgPh9nyyInowCx+Q==",
      "dev": true,
      "requires": {
        "@aws-cdk/aws-ec2": "1.65.0",
        "@aws-cdk/aws-elasticloadbalancingv2": "1.65.0",
        "@aws-cdk/aws-route53": "1.65.0",
        "@aws-cdk/core": "1.65.0",
        "constructs": "^3.0.4"
      }
    },
    "@aws-cdk/aws-sns": {
      "version": "1.65.0",
      "resolved": "https://registry.npmjs.org/@aws-cdk/aws-sns/-/aws-sns-1.65.0.tgz",
      "integrity": "sha512-iPZlDdqiSmsHP/KViiomGZPcae0BV2Ii7j8Nc+jpU6QK6WeHD9ALtnan00QVvCvObIsiLZ8RkPPkhXdorBz7Lw==",
      "dev": true,
      "requires": {
        "@aws-cdk/aws-cloudwatch": "1.65.0",
        "@aws-cdk/aws-events": "1.65.0",
        "@aws-cdk/aws-iam": "1.65.0",
        "@aws-cdk/aws-kms": "1.65.0",
        "@aws-cdk/aws-sqs": "1.65.0",
        "@aws-cdk/core": "1.65.0",
        "constructs": "^3.0.4"
      }
    },
    "@aws-cdk/aws-sns-subscriptions": {
      "version": "1.65.0",
      "resolved": "https://registry.npmjs.org/@aws-cdk/aws-sns-subscriptions/-/aws-sns-subscriptions-1.65.0.tgz",
      "integrity": "sha512-FkSw9nS1L2+rhpOmhJzb/TT1fCo1vu/wpPX8Rfu6HlW7SVL65JDmea/rVdQljCGzrxqXFq80eIuBVkCQne7/NQ==",
      "dev": true,
      "requires": {
        "@aws-cdk/aws-iam": "1.65.0",
        "@aws-cdk/aws-lambda": "1.65.0",
        "@aws-cdk/aws-sns": "1.65.0",
        "@aws-cdk/aws-sqs": "1.65.0",
        "@aws-cdk/core": "1.65.0",
        "constructs": "^3.0.4"
      }
    },
    "@aws-cdk/aws-sqs": {
      "version": "1.65.0",
      "resolved": "https://registry.npmjs.org/@aws-cdk/aws-sqs/-/aws-sqs-1.65.0.tgz",
      "integrity": "sha512-X5eZZSSaiz1So2fJxAa4vo4FMVTg0rFlRekQcwvm2TwTKWdk33IWIcF1//YteGYuogSlba7dLw/7u4JNppiSmw==",
      "dev": true,
      "requires": {
        "@aws-cdk/aws-cloudwatch": "1.65.0",
        "@aws-cdk/aws-iam": "1.65.0",
        "@aws-cdk/aws-kms": "1.65.0",
        "@aws-cdk/core": "1.65.0",
        "constructs": "^3.0.4"
      }
    },
    "@aws-cdk/aws-ssm": {
      "version": "1.65.0",
      "resolved": "https://registry.npmjs.org/@aws-cdk/aws-ssm/-/aws-ssm-1.65.0.tgz",
      "integrity": "sha512-O0qZowtVpbIKkB9KU+pjDPpUIMtCVne4qV47VQ0zB0shmMkMKxEAvkbaXp9bKFwksfjSK5DkDfOakHjIm7kmHQ==",
      "dev": true,
      "requires": {
        "@aws-cdk/aws-iam": "1.65.0",
        "@aws-cdk/aws-kms": "1.65.0",
        "@aws-cdk/cloud-assembly-schema": "1.65.0",
        "@aws-cdk/core": "1.65.0",
        "constructs": "^3.0.4"
      }
    },
    "@aws-cdk/aws-stepfunctions": {
      "version": "1.65.0",
      "resolved": "https://registry.npmjs.org/@aws-cdk/aws-stepfunctions/-/aws-stepfunctions-1.65.0.tgz",
      "integrity": "sha512-P6uKSIEhduPj4xpRr/HgGojd3p54q3y+0NDNut85Q2Hf5tk+VxA+QIJ0scYI4O0TPYcrvKjKB+2W3s92zMCD7g==",
      "dev": true,
      "requires": {
        "@aws-cdk/aws-cloudwatch": "1.65.0",
        "@aws-cdk/aws-events": "1.65.0",
        "@aws-cdk/aws-iam": "1.65.0",
        "@aws-cdk/aws-logs": "1.65.0",
        "@aws-cdk/core": "1.65.0",
        "constructs": "^3.0.4"
      }
    },
    "@aws-cdk/cloud-assembly-schema": {
      "version": "1.65.0",
      "resolved": "https://registry.npmjs.org/@aws-cdk/cloud-assembly-schema/-/cloud-assembly-schema-1.65.0.tgz",
      "integrity": "sha512-geKahl1uE3jqNL0k7QNXl4Nl7vbHZKVn1WAIAgm3hS7RT22kQvQdcvYwh8MayLgjhpxwrQV/6rCY5ejLvkQivg==",
      "dev": true,
      "requires": {
        "jsonschema": "^1.2.6",
        "semver": "^7.3.2"
      },
      "dependencies": {
        "jsonschema": {
          "version": "1.2.6",
          "bundled": true,
          "dev": true
        },
        "semver": {
          "version": "7.3.2",
          "bundled": true,
          "dev": true
        }
      }
    },
    "@aws-cdk/core": {
      "version": "1.65.0",
      "resolved": "https://registry.npmjs.org/@aws-cdk/core/-/core-1.65.0.tgz",
      "integrity": "sha512-NFMeKVGPP9ne/0NCIP5bDj4dTWjxA74zuZj6mENl8CzFBoI+ssdSgkx31l1VHbmFtbAY9plDb5mAmcPylFFtFw==",
      "dev": true,
      "requires": {
        "@aws-cdk/cloud-assembly-schema": "1.65.0",
        "@aws-cdk/cx-api": "1.65.0",
        "@aws-cdk/region-info": "1.65.0",
        "constructs": "^3.0.4",
        "fs-extra": "^9.0.1",
        "minimatch": "^3.0.4"
      },
      "dependencies": {
        "at-least-node": {
          "version": "1.0.0",
          "bundled": true,
          "dev": true
        },
        "balanced-match": {
          "version": "1.0.0",
          "bundled": true,
          "dev": true
        },
        "brace-expansion": {
          "version": "1.1.11",
          "bundled": true,
          "dev": true,
          "requires": {
            "balanced-match": "^1.0.0",
            "concat-map": "0.0.1"
          }
        },
        "concat-map": {
          "version": "0.0.1",
          "bundled": true,
          "dev": true
        },
        "fs-extra": {
          "version": "9.0.1",
          "bundled": true,
          "dev": true,
          "requires": {
            "at-least-node": "^1.0.0",
            "graceful-fs": "^4.2.0",
            "jsonfile": "^6.0.1",
            "universalify": "^1.0.0"
          }
        },
        "graceful-fs": {
          "version": "4.2.4",
          "bundled": true,
          "dev": true
        },
        "jsonfile": {
          "version": "6.0.1",
          "bundled": true,
          "dev": true,
          "requires": {
            "graceful-fs": "^4.1.6",
            "universalify": "^1.0.0"
          }
        },
        "minimatch": {
          "version": "3.0.4",
          "bundled": true,
          "dev": true,
          "requires": {
            "brace-expansion": "^1.1.7"
          }
        },
        "universalify": {
          "version": "1.0.0",
          "bundled": true,
          "dev": true
        }
      }
    },
    "@aws-cdk/custom-resources": {
      "version": "1.65.0",
      "resolved": "https://registry.npmjs.org/@aws-cdk/custom-resources/-/custom-resources-1.65.0.tgz",
      "integrity": "sha512-CEmd3/chZRUEKoxbDjtYjcUk15uW/Qak8eB2ToHZo93PiuVRVSzITMvPAPT64UAM3NDWXbLQ0ei7ar1grWGtzA==",
      "dev": true,
      "requires": {
        "@aws-cdk/aws-cloudformation": "1.65.0",
        "@aws-cdk/aws-iam": "1.65.0",
        "@aws-cdk/aws-lambda": "1.65.0",
        "@aws-cdk/aws-logs": "1.65.0",
        "@aws-cdk/aws-sns": "1.65.0",
        "@aws-cdk/core": "1.65.0",
        "constructs": "^3.0.4"
      }
    },
    "@aws-cdk/cx-api": {
      "version": "1.65.0",
      "resolved": "https://registry.npmjs.org/@aws-cdk/cx-api/-/cx-api-1.65.0.tgz",
      "integrity": "sha512-5pbp+98o4fDskgrEtrKxeo8+2Yv0Rn0RzNZf4Jn3Y7agyuzrwD4Mt9UWwjT8MJKF0NQGu6sAcPf7iWbsy6j5OA==",
      "dev": true,
      "requires": {
        "@aws-cdk/cloud-assembly-schema": "1.65.0",
        "semver": "^7.3.2"
      },
      "dependencies": {
        "semver": {
          "version": "7.3.2",
          "bundled": true,
          "dev": true
        }
      }
    },
    "@aws-cdk/pipelines": {
      "version": "1.65.0",
      "resolved": "https://registry.npmjs.org/@aws-cdk/pipelines/-/pipelines-1.65.0.tgz",
      "integrity": "sha512-7eT5hZnvVegHCF7tpckYbh61PKQF0n2v7LIaE8c1P46+9/Ru/BSdgyhpBmr98IX7x3V/UBdhpugCZHi3mgMJBg==",
      "dev": true,
      "requires": {
        "@aws-cdk/aws-cloudformation": "1.65.0",
        "@aws-cdk/aws-codebuild": "1.65.0",
        "@aws-cdk/aws-codepipeline": "1.65.0",
        "@aws-cdk/aws-codepipeline-actions": "1.65.0",
        "@aws-cdk/aws-ec2": "1.65.0",
        "@aws-cdk/aws-events": "1.65.0",
        "@aws-cdk/aws-iam": "1.65.0",
        "@aws-cdk/aws-s3-assets": "1.65.0",
        "@aws-cdk/cloud-assembly-schema": "1.65.0",
        "@aws-cdk/core": "1.65.0",
        "@aws-cdk/cx-api": "1.65.0",
        "constructs": "^3.0.4"
      }
    },
    "@aws-cdk/region-info": {
      "version": "1.65.0",
      "resolved": "https://registry.npmjs.org/@aws-cdk/region-info/-/region-info-1.65.0.tgz",
      "integrity": "sha512-L+mUEsDyWZUb7jjC0+mvGLv+mrh+i1Z4PDF+AghXxqyLeSPYkiyNbigXCBdAjm6/L/xfwTpqwZwMTAzywdLvOg==",
      "dev": true
    },
    "@jest/types": {
      "version": "24.9.0",
      "resolved": "https://registry.npmjs.org/@jest/types/-/types-24.9.0.tgz",
      "integrity": "sha512-XKK7ze1apu5JWQ5eZjHITP66AX+QsLlbaJRBGYr8pNzwcAE2JVkwnf0yqjHTsDRcjR0mujy/NmZMXw5kl+kGBw==",
      "dev": true,
      "requires": {
        "@types/istanbul-lib-coverage": "^2.0.0",
        "@types/istanbul-reports": "^1.1.1",
        "@types/yargs": "^13.0.0"
      }
    },
    "@mobileposse/auto-delete-bucket": {
      "version": "1.55.0",
      "resolved": "https://registry.npmjs.org/@mobileposse/auto-delete-bucket/-/auto-delete-bucket-1.55.0.tgz",
      "integrity": "sha512-azOZMNqrXVYspSqDpcF92uY4qkI46nX+u+Gc4YWYwvN0Js6XS3Alm/uNfrCJq7Vz0Ts5gIOAGg4GWoEPxW9wBg==",
      "dev": true,
      "requires": {
        "@types/jest": "^24.0.11",
        "@types/uuid": "^3.4.4",
        "aws-sdk": "^2.437.0",
        "axios": "^0.18.1"
      }
    },
    "@types/istanbul-lib-coverage": {
      "version": "2.0.3",
      "resolved": "https://registry.npmjs.org/@types/istanbul-lib-coverage/-/istanbul-lib-coverage-2.0.3.tgz",
      "integrity": "sha512-sz7iLqvVUg1gIedBOvlkxPlc8/uVzyS5OwGz1cKjXzkl3FpL3al0crU8YGU1WoHkxn0Wxbw5tyi6hvzJKNzFsw==",
      "dev": true
    },
    "@types/istanbul-lib-report": {
      "version": "3.0.0",
      "resolved": "https://registry.npmjs.org/@types/istanbul-lib-report/-/istanbul-lib-report-3.0.0.tgz",
      "integrity": "sha512-plGgXAPfVKFoYfa9NpYDAkseG+g6Jr294RqeqcqDixSbU34MZVJRi/P+7Y8GDpzkEwLaGZZOpKIEmeVZNtKsrg==",
      "dev": true,
      "requires": {
        "@types/istanbul-lib-coverage": "*"
      }
    },
    "@types/istanbul-reports": {
      "version": "1.1.2",
      "resolved": "https://registry.npmjs.org/@types/istanbul-reports/-/istanbul-reports-1.1.2.tgz",
      "integrity": "sha512-P/W9yOX/3oPZSpaYOCQzGqgCQRXn0FFO/V8bWrCQs+wLmvVVxk6CRBXALEvNs9OHIatlnlFokfhuDo2ug01ciw==",
      "dev": true,
      "requires": {
        "@types/istanbul-lib-coverage": "*",
        "@types/istanbul-lib-report": "*"
      }
    },
    "@types/jest": {
      "version": "24.9.1",
      "resolved": "https://registry.npmjs.org/@types/jest/-/jest-24.9.1.tgz",
      "integrity": "sha512-Fb38HkXSVA4L8fGKEZ6le5bB8r6MRWlOCZbVuWZcmOMSCd2wCYOwN1ibj8daIoV9naq7aaOZjrLCoCMptKU/4Q==",
      "dev": true,
      "requires": {
        "jest-diff": "^24.3.0"
      }
    },
    "@types/node": {
      "version": "14.11.2",
      "resolved": "https://registry.npmjs.org/@types/node/-/node-14.11.2.tgz",
      "integrity": "sha512-jiE3QIxJ8JLNcb1Ps6rDbysDhN4xa8DJJvuC9prr6w+1tIh+QAbYyNF3tyiZNLDBIuBCf4KEcV2UvQm/V60xfA==",
      "dev": true
    },
    "@types/uuid": {
      "version": "3.4.9",
      "resolved": "https://registry.npmjs.org/@types/uuid/-/uuid-3.4.9.tgz",
      "integrity": "sha512-XDwyIlt/47l2kWLTzw/mtrpLdB+GPSskR2n/PIcPn+VYhVO77rGhRncIR5GPU0KRzXuqkDO+J5qqrG0Y8P6jzQ==",
      "dev": true
    },
    "@types/yargs": {
      "version": "13.0.11",
      "resolved": "https://registry.npmjs.org/@types/yargs/-/yargs-13.0.11.tgz",
      "integrity": "sha512-NRqD6T4gktUrDi1o1wLH3EKC1o2caCr7/wR87ODcbVITQF106OM3sFN92ysZ++wqelOd1CTzatnOBRDYYG6wGQ==",
      "dev": true,
      "requires": {
        "@types/yargs-parser": "*"
      }
    },
    "@types/yargs-parser": {
      "version": "15.0.0",
      "resolved": "https://registry.npmjs.org/@types/yargs-parser/-/yargs-parser-15.0.0.tgz",
      "integrity": "sha512-FA/BWv8t8ZWJ+gEOnLLd8ygxH/2UFbAvgEonyfN6yWGLKc7zVjbpl2Y4CTjid9h2RfgPP6SEt6uHwEOply00yw==",
      "dev": true
    },
    "ansi-regex": {
      "version": "4.1.0",
      "resolved": "https://registry.npmjs.org/ansi-regex/-/ansi-regex-4.1.0.tgz",
      "integrity": "sha512-1apePfXM1UOSqw0o9IiFAovVz9M5S1Dg+4TrDwfMewQ6p/rmMueb7tWZjQ1rx4Loy1ArBggoqGpfqqdI4rondg==",
      "dev": true
    },
    "ansi-styles": {
      "version": "3.2.1",
      "resolved": "https://registry.npmjs.org/ansi-styles/-/ansi-styles-3.2.1.tgz",
      "integrity": "sha512-VT0ZI6kZRdTh8YyJw3SMbYm/u+NqfsAxEpWO0Pf9sq8/e94WxxOpPKx9FR1FlyCtOVDNOQ+8ntlqFxiRc+r5qA==",
      "dev": true,
      "requires": {
        "color-convert": "^1.9.0"
      }
    },
    "aws-sdk": {
      "version": "2.764.0",
      "resolved": "https://registry.npmjs.org/aws-sdk/-/aws-sdk-2.764.0.tgz",
      "integrity": "sha512-0asgRwAI3WxUyOjlx2fL7pPHEZajFbAVRerE2h0xX649123PwdhIiJ2HM7lWwn/f+mX7IagYjOCn9dIyvCHBVQ==",
      "dev": true,
      "requires": {
        "buffer": "4.9.2",
        "events": "1.1.1",
        "ieee754": "1.1.13",
        "jmespath": "0.15.0",
        "querystring": "0.2.0",
        "sax": "1.2.1",
        "url": "0.10.3",
        "uuid": "3.3.2",
        "xml2js": "0.4.19"
      }
    },
    "axios": {
      "version": "0.18.1",
      "resolved": "https://registry.npmjs.org/axios/-/axios-0.18.1.tgz",
      "integrity": "sha512-0BfJq4NSfQXd+SkFdrvFbG7addhYSBA2mQwISr46pD6E5iqkWg02RAs8vyTT/j0RTnoYmeXauBuSv1qKwR179g==",
      "dev": true,
      "requires": {
        "follow-redirects": "1.5.10",
        "is-buffer": "^2.0.2"
      }
    },
    "base64-js": {
      "version": "1.3.1",
      "resolved": "https://registry.npmjs.org/base64-js/-/base64-js-1.3.1.tgz",
      "integrity": "sha512-mLQ4i2QO1ytvGWFWmcngKO//JXAQueZvwEKtjgQFM4jIK0kU+ytMfplL8j+n5mspOfjHwoAg+9yhb7BwAHm36g==",
      "dev": true
    },
    "buffer": {
      "version": "4.9.2",
      "resolved": "https://registry.npmjs.org/buffer/-/buffer-4.9.2.tgz",
      "integrity": "sha512-xq+q3SRMOxGivLhBNaUdC64hDTQwejJ+H0T/NB1XMtTVEwNTrfFF3gAxiyW0Bu/xWEGhjVKgUcMhCrUy2+uCWg==",
      "dev": true,
      "requires": {
        "base64-js": "^1.0.2",
        "ieee754": "^1.1.4",
        "isarray": "^1.0.0"
      }
    },
    "chalk": {
      "version": "2.4.2",
      "resolved": "https://registry.npmjs.org/chalk/-/chalk-2.4.2.tgz",
      "integrity": "sha512-Mti+f9lpJNcwF4tWV8/OrTTtF1gZi+f8FqlyAdouralcFWFQWF2+NgCHShjkCb+IFBLq9buZwE1xckQU4peSuQ==",
      "dev": true,
      "requires": {
        "ansi-styles": "^3.2.1",
        "escape-string-regexp": "^1.0.5",
        "supports-color": "^5.3.0"
      }
    },
    "color-convert": {
      "version": "1.9.3",
      "resolved": "https://registry.npmjs.org/color-convert/-/color-convert-1.9.3.tgz",
      "integrity": "sha512-QfAUtd+vFdAtFQcC8CCyYt1fYWxSqAiK2cSD6zDB8N3cpsEBAvRxp9zOGg6G/SHHJYAT88/az/IuDGALsNVbGg==",
      "dev": true,
      "requires": {
        "color-name": "1.1.3"
      }
    },
    "color-name": {
      "version": "1.1.3",
      "resolved": "https://registry.npmjs.org/color-name/-/color-name-1.1.3.tgz",
      "integrity": "sha1-p9BVi9icQveV3UIyj3QIMcpTvCU=",
      "dev": true
    },
    "constructs": {
      "version": "3.0.4",
      "resolved": "https://registry.npmjs.org/constructs/-/constructs-3.0.4.tgz",
      "integrity": "sha512-CDvg7gMjphE3DFX4pzkF6j73NREbR8npPFW8Mx/CLRnMR035+Y1o1HrXIsNSss/dq3ZUnNTU9jKyd3fL9EOlfw==",
      "dev": true
    },
    "debug": {
      "version": "3.1.0",
      "resolved": "https://registry.npmjs.org/debug/-/debug-3.1.0.tgz",
      "integrity": "sha512-OX8XqP7/1a9cqkxYw2yXss15f26NKWBpDXQd0/uK/KPqdQhxbPa994hnzjcE2VqQpDslf55723cKPUOGSmMY3g==",
      "dev": true,
      "requires": {
        "ms": "2.0.0"
      }
    },
    "diff-sequences": {
      "version": "24.9.0",
      "resolved": "https://registry.npmjs.org/diff-sequences/-/diff-sequences-24.9.0.tgz",
      "integrity": "sha512-Dj6Wk3tWyTE+Fo1rW8v0Xhwk80um6yFYKbuAxc9c3EZxIHFDYwbi34Uk42u1CdnIiVorvt4RmlSDjIPyzGC2ew==",
      "dev": true
    },
    "escape-string-regexp": {
      "version": "1.0.5",
      "resolved": "https://registry.npmjs.org/escape-string-regexp/-/escape-string-regexp-1.0.5.tgz",
      "integrity": "sha1-G2HAViGQqN/2rjuyzwIAyhMLhtQ=",
      "dev": true
    },
    "events": {
      "version": "1.1.1",
      "resolved": "https://registry.npmjs.org/events/-/events-1.1.1.tgz",
      "integrity": "sha1-nr23Y1rQmccNzEwqH1AEKI6L2SQ=",
      "dev": true
    },
    "follow-redirects": {
      "version": "1.5.10",
      "resolved": "https://registry.npmjs.org/follow-redirects/-/follow-redirects-1.5.10.tgz",
      "integrity": "sha512-0V5l4Cizzvqt5D44aTXbFZz+FtyXV1vrDN6qrelxtfYQKW0KO0W2T/hkE8xvGa/540LkZlkaUjO4ailYTFtHVQ==",
      "dev": true,
      "requires": {
        "debug": "=3.1.0"
      }
    },
    "has-flag": {
      "version": "3.0.0",
      "resolved": "https://registry.npmjs.org/has-flag/-/has-flag-3.0.0.tgz",
      "integrity": "sha1-tdRU3CGZriJWmfNGfloH87lVuv0=",
      "dev": true
    },
    "ieee754": {
      "version": "1.1.13",
      "resolved": "https://registry.npmjs.org/ieee754/-/ieee754-1.1.13.tgz",
      "integrity": "sha512-4vf7I2LYV/HaWerSo3XmlMkp5eZ83i+/CDluXi/IGTs/O1sejBNhTtnxzmRZfvOUqj7lZjqHkeTvpgSFDlWZTg==",
      "dev": true
    },
    "is-buffer": {
      "version": "2.0.4",
      "resolved": "https://registry.npmjs.org/is-buffer/-/is-buffer-2.0.4.tgz",
      "integrity": "sha512-Kq1rokWXOPXWuaMAqZiJW4XxsmD9zGx9q4aePabbn3qCRGedtH7Cm+zV8WETitMfu1wdh+Rvd6w5egwSngUX2A==",
      "dev": true
    },
    "isarray": {
      "version": "1.0.0",
      "resolved": "https://registry.npmjs.org/isarray/-/isarray-1.0.0.tgz",
      "integrity": "sha1-u5NdSFgsuhaMBoNJV6VKPgcSTxE=",
      "dev": true
    },
    "jest-diff": {
      "version": "24.9.0",
      "resolved": "https://registry.npmjs.org/jest-diff/-/jest-diff-24.9.0.tgz",
      "integrity": "sha512-qMfrTs8AdJE2iqrTp0hzh7kTd2PQWrsFyj9tORoKmu32xjPjeE4NyjVRDz8ybYwqS2ik8N4hsIpiVTyFeo2lBQ==",
      "dev": true,
      "requires": {
        "chalk": "^2.0.1",
        "diff-sequences": "^24.9.0",
        "jest-get-type": "^24.9.0",
        "pretty-format": "^24.9.0"
      }
    },
    "jest-get-type": {
      "version": "24.9.0",
      "resolved": "https://registry.npmjs.org/jest-get-type/-/jest-get-type-24.9.0.tgz",
      "integrity": "sha512-lUseMzAley4LhIcpSP9Jf+fTrQ4a1yHQwLNeeVa2cEmbCGeoZAtYPOIv8JaxLD/sUpKxetKGP+gsHl8f8TSj8Q==",
      "dev": true
    },
    "jmespath": {
      "version": "0.15.0",
      "resolved": "https://registry.npmjs.org/jmespath/-/jmespath-0.15.0.tgz",
      "integrity": "sha1-o/Iiqarp+Wb10nx5ZRDigJF2Qhc=",
      "dev": true
    },
    "ms": {
      "version": "2.0.0",
      "resolved": "https://registry.npmjs.org/ms/-/ms-2.0.0.tgz",
      "integrity": "sha1-VgiurfwAvmwpAd9fmGF4jeDVl8g=",
      "dev": true
    },
    "pretty-format": {
      "version": "24.9.0",
      "resolved": "https://registry.npmjs.org/pretty-format/-/pretty-format-24.9.0.tgz",
      "integrity": "sha512-00ZMZUiHaJrNfk33guavqgvfJS30sLYf0f8+Srklv0AMPodGGHcoHgksZ3OThYnIvOd+8yMCn0YiEOogjlgsnA==",
      "dev": true,
      "requires": {
        "@jest/types": "^24.9.0",
        "ansi-regex": "^4.0.0",
        "ansi-styles": "^3.2.0",
        "react-is": "^16.8.4"
      }
    },
    "punycode": {
      "version": "1.3.2",
      "resolved": "https://registry.npmjs.org/punycode/-/punycode-1.3.2.tgz",
      "integrity": "sha1-llOgNvt8HuQjQvIyXM7v6jkmxI0=",
      "dev": true
    },
    "querystring": {
      "version": "0.2.0",
      "resolved": "https://registry.npmjs.org/querystring/-/querystring-0.2.0.tgz",
      "integrity": "sha1-sgmEkgO7Jd+CDadW50cAWHhSFiA=",
      "dev": true
    },
    "react-is": {
      "version": "16.13.1",
      "resolved": "https://registry.npmjs.org/react-is/-/react-is-16.13.1.tgz",
      "integrity": "sha512-24e6ynE2H+OKt4kqsOvNd8kBpV65zoxbA4BVsEOB3ARVWQki/DHzaUoC5KuON/BiccDaCCTZBuOcfZs70kR8bQ==",
      "dev": true
    },
    "sax": {
      "version": "1.2.1",
      "resolved": "https://registry.npmjs.org/sax/-/sax-1.2.1.tgz",
      "integrity": "sha1-e45lYZCyKOgaZq6nSEgNgozS03o=",
      "dev": true
    },
    "supports-color": {
      "version": "5.5.0",
      "resolved": "https://registry.npmjs.org/supports-color/-/supports-color-5.5.0.tgz",
      "integrity": "sha512-QjVjwdXIt408MIiAqCX4oUKsgU2EqAGzs2Ppkm4aQYbjm+ZEWEcW4SfFNTr4uMNZma0ey4f5lgLrkB0aX0QMow==",
      "dev": true,
      "requires": {
        "has-flag": "^3.0.0"
      }
    },
    "typescript": {
      "version": "4.0.3",
      "resolved": "https://registry.npmjs.org/typescript/-/typescript-4.0.3.tgz",
      "integrity": "sha512-tEu6DGxGgRJPb/mVPIZ48e69xCn2yRmCgYmDugAVwmJ6o+0u1RI18eO7E7WBTLYLaEVVOhwQmcdhQHweux/WPg==",
      "dev": true
    },
    "url": {
      "version": "0.10.3",
      "resolved": "https://registry.npmjs.org/url/-/url-0.10.3.tgz",
      "integrity": "sha1-Ah5NnHcF8hu/N9A861h2dAJ3TGQ=",
      "dev": true,
      "requires": {
        "punycode": "1.3.2",
        "querystring": "0.2.0"
      }
    },
    "uuid": {
      "version": "3.3.2",
      "resolved": "https://registry.npmjs.org/uuid/-/uuid-3.3.2.tgz",
      "integrity": "sha512-yXJmeNaw3DnnKAOKJE51sL/ZaYfWJRl1pK9dr19YFCu0ObS231AB1/LbqTKRAQ5kw8A90rA6fr4riOUpTZvQZA==",
      "dev": true
    },
    "xml2js": {
      "version": "0.4.19",
      "resolved": "https://registry.npmjs.org/xml2js/-/xml2js-0.4.19.tgz",
      "integrity": "sha512-esZnJZJOiJR9wWKMyuvSE1y6Dq5LCuJanqhxslH2bxM6duahNZ+HMpCLhBQGZkbX6xRf8x1Y2eJlgt2q3qo49Q==",
      "dev": true,
      "requires": {
        "sax": ">=0.6.0",
        "xmlbuilder": "~9.0.1"
      }
    },
    "xmlbuilder": {
      "version": "9.0.7",
      "resolved": "https://registry.npmjs.org/xmlbuilder/-/xmlbuilder-9.0.7.tgz",
      "integrity": "sha1-Ey7mPS7FVlxVfiD0wi35rKaGsQ0=",
      "dev": true
    }
  }
}
